// !$*UTF8*$!
{
	archiveVersion = 1;
	classes = {
	};
	objectVersion = 51;
	objects = {

/* Begin PBXBuildFile section */
		08B879B268566B06F141D3F3 /* Pods_AcuityEngine.framework in Frameworks */ = {isa = PBXBuildFile; fileRef = 2674AE460659ECA36794A9A0 /* Pods_AcuityEngine.framework */; };
		7A08B6D925F1BE3500F9EA20 /* SymptomsListViewController.swift in Sources */ = {isa = PBXBuildFile; fileRef = 7A08B6D825F1BE3500F9EA20 /* SymptomsListViewController.swift */; };
		7A0AC40925F06A73009EDE25 /* ProfileModels.swift in Sources */ = {isa = PBXBuildFile; fileRef = 7A0AC40825F06A73009EDE25 /* ProfileModels.swift */; };
		7A22C1B525E786F10028319D /* Main.storyboard in Resources */ = {isa = PBXBuildFile; fileRef = 7A22C1B325E786F10028319D /* Main.storyboard */; };
		7A22C1B825E786F10028319D /* AcuityEngine.xcdatamodeld in Sources */ = {isa = PBXBuildFile; fileRef = 7A22C1B625E786F10028319D /* AcuityEngine.xcdatamodeld */; };
		7A22C1BA25E786F20028319D /* Assets.xcassets in Resources */ = {isa = PBXBuildFile; fileRef = 7A22C1B925E786F20028319D /* Assets.xcassets */; };
		7A22C1BD25E786F20028319D /* LaunchScreen.storyboard in Resources */ = {isa = PBXBuildFile; fileRef = 7A22C1BB25E786F20028319D /* LaunchScreen.storyboard */; };
		7A22C20725E788AF0028319D /* CardioProblemData.swift in Sources */ = {isa = PBXBuildFile; fileRef = 7A22C1DD25E788AE0028319D /* CardioProblemData.swift */; };
		7A22C20825E788AF0028319D /* CardioProblem.swift in Sources */ = {isa = PBXBuildFile; fileRef = 7A22C1DE25E788AE0028319D /* CardioProblem.swift */; };
		7A22C20925E788AF0028319D /* CardioProblemCalculation.swift in Sources */ = {isa = PBXBuildFile; fileRef = 7A22C1DF25E788AE0028319D /* CardioProblemCalculation.swift */; };
		7A22C20A25E788AF0028319D /* CardioManager+Extension.swift in Sources */ = {isa = PBXBuildFile; fileRef = 7A22C1E025E788AE0028319D /* CardioManager+Extension.swift */; };
		7A22C20B25E788AF0028319D /* CardioValue.swift in Sources */ = {isa = PBXBuildFile; fileRef = 7A22C1E125E788AE0028319D /* CardioValue.swift */; };
		7A22C20C25E788AF0028319D /* CardioSymptoms.swift in Sources */ = {isa = PBXBuildFile; fileRef = 7A22C1E325E788AE0028319D /* CardioSymptoms.swift */; };
		7A22C20D25E788AF0028319D /* CardioSymptomCalculation.swift in Sources */ = {isa = PBXBuildFile; fileRef = 7A22C1E425E788AE0028319D /* CardioSymptomCalculation.swift */; };
		7A22C20E25E788AF0028319D /* CardioSymptomsPainData.swift in Sources */ = {isa = PBXBuildFile; fileRef = 7A22C1E525E788AE0028319D /* CardioSymptomsPainData.swift */; };
		7A22C20F25E788AF0028319D /* CardioIMP.swift in Sources */ = {isa = PBXBuildFile; fileRef = 7A22C1E725E788AE0028319D /* CardioIMP.swift */; };
		7A22C21025E788AF0028319D /* CardioIMPData.swift in Sources */ = {isa = PBXBuildFile; fileRef = 7A22C1E825E788AE0028319D /* CardioIMPData.swift */; };
		7A22C21125E788AF0028319D /* CardioIMPCalculation.swift in Sources */ = {isa = PBXBuildFile; fileRef = 7A22C1E925E788AE0028319D /* CardioIMPCalculation.swift */; };
		7A22C21225E788AF0028319D /* CardioManagerProtocol.swift in Sources */ = {isa = PBXBuildFile; fileRef = 7A22C1EA25E788AF0028319D /* CardioManagerProtocol.swift */; };
		7A22C21325E788AF0028319D /* CardioManager.swift in Sources */ = {isa = PBXBuildFile; fileRef = 7A22C1EB25E788AF0028319D /* CardioManager.swift */; };
		7A22C21425E788AF0028319D /* CardioData.swift in Sources */ = {isa = PBXBuildFile; fileRef = 7A22C1EC25E788AF0028319D /* CardioData.swift */; };
		7A22C21525E788AF0028319D /* CardioLab.swift in Sources */ = {isa = PBXBuildFile; fileRef = 7A22C1EE25E788AF0028319D /* CardioLab.swift */; };
		7A22C21625E788AF0028319D /* CardioLabData.swift in Sources */ = {isa = PBXBuildFile; fileRef = 7A22C1EF25E788AF0028319D /* CardioLabData.swift */; };
		7A22C21725E788AF0028319D /* CardioLabCalculation.swift in Sources */ = {isa = PBXBuildFile; fileRef = 7A22C1F025E788AF0028319D /* CardioLabCalculation.swift */; };
		7A22C21825E788AF0028319D /* RespiratoryManager.swift in Sources */ = {isa = PBXBuildFile; fileRef = 7A22C1F225E788AF0028319D /* RespiratoryManager.swift */; };
		7A22C21925E788AF0028319D /* RespiratoryValue.swift in Sources */ = {isa = PBXBuildFile; fileRef = 7A22C1F325E788AF0028319D /* RespiratoryValue.swift */; };
		7A22C21A25E788AF0028319D /* RespiratoryData.swift in Sources */ = {isa = PBXBuildFile; fileRef = 7A22C1F425E788AF0028319D /* RespiratoryData.swift */; };
		7A22C21B25E788AF0028319D /* RespiratoryIMP.swift in Sources */ = {isa = PBXBuildFile; fileRef = 7A22C1F625E788AF0028319D /* RespiratoryIMP.swift */; };
		7A22C21C25E788AF0028319D /* RespiratoryIMPData.swift in Sources */ = {isa = PBXBuildFile; fileRef = 7A22C1F725E788AF0028319D /* RespiratoryIMPData.swift */; };
		7A22C21D25E788AF0028319D /* RespiratoryIMPCalculation.swift in Sources */ = {isa = PBXBuildFile; fileRef = 7A22C1F825E788AF0028319D /* RespiratoryIMPCalculation.swift */; };
		7A22C21E25E788AF0028319D /* RespiratoryManager+Extension.swift in Sources */ = {isa = PBXBuildFile; fileRef = 7A22C1F925E788AF0028319D /* RespiratoryManager+Extension.swift */; };
		7A22C21F25E788AF0028319D /* RespiratoryProblem.swift in Sources */ = {isa = PBXBuildFile; fileRef = 7A22C1FB25E788AF0028319D /* RespiratoryProblem.swift */; };
		7A22C22025E788AF0028319D /* RespiratoryProblemData.swift in Sources */ = {isa = PBXBuildFile; fileRef = 7A22C1FC25E788AF0028319D /* RespiratoryProblemData.swift */; };
		7A22C22125E788AF0028319D /* RespiratoryProblemCalculation.swift in Sources */ = {isa = PBXBuildFile; fileRef = 7A22C1FD25E788AF0028319D /* RespiratoryProblemCalculation.swift */; };
		7A22C22225E788AF0028319D /* RespiratorySymptomsPainData.swift in Sources */ = {isa = PBXBuildFile; fileRef = 7A22C1FF25E788AF0028319D /* RespiratorySymptomsPainData.swift */; };
		7A22C22325E788AF0028319D /* RespiratorySymptoms.swift in Sources */ = {isa = PBXBuildFile; fileRef = 7A22C20025E788AF0028319D /* RespiratorySymptoms.swift */; };
		7A22C22425E788AF0028319D /* RespiratorySymptomCalculation.swift in Sources */ = {isa = PBXBuildFile; fileRef = 7A22C20125E788AF0028319D /* RespiratorySymptomCalculation.swift */; };
		7A22C22525E788AF0028319D /* RespiratoryLab.swift in Sources */ = {isa = PBXBuildFile; fileRef = 7A22C20325E788AF0028319D /* RespiratoryLab.swift */; };
		7A22C22625E788AF0028319D /* RespiratoryLabCalculation.swift in Sources */ = {isa = PBXBuildFile; fileRef = 7A22C20425E788AF0028319D /* RespiratoryLabCalculation.swift */; };
		7A22C22725E788AF0028319D /* RespiratoryLabData.swift in Sources */ = {isa = PBXBuildFile; fileRef = 7A22C20525E788AF0028319D /* RespiratoryLabData.swift */; };
		7A22C22825E788AF0028319D /* RespiratoryManagerProtocol.swift in Sources */ = {isa = PBXBuildFile; fileRef = 7A22C20625E788AF0028319D /* RespiratoryManagerProtocol.swift */; };
		7A22C22D25E788CE0028319D /* HealthKit.framework in Frameworks */ = {isa = PBXBuildFile; fileRef = 7A22C22C25E788CE0028319D /* HealthKit.framework */; };
		7A22C24C25E794500028319D /* CardioViewModel.swift in Sources */ = {isa = PBXBuildFile; fileRef = 7A22C24A25E794500028319D /* CardioViewModel.swift */; };
		7A22C24D25E794500028319D /* RespiratoryViewModel.swift in Sources */ = {isa = PBXBuildFile; fileRef = 7A22C24B25E794500028319D /* RespiratoryViewModel.swift */; };
		7A22C25125E794670028319D /* PullUpDisplayCell.swift in Sources */ = {isa = PBXBuildFile; fileRef = 7A22C25025E794670028319D /* PullUpDisplayCell.swift */; };
		7A22C25B25E798450028319D /* HKSetupAssistance.swift in Sources */ = {isa = PBXBuildFile; fileRef = 7A22C25A25E798450028319D /* HKSetupAssistance.swift */; };
		7A22C25E25E7985C0028319D /* Utility.swift in Sources */ = {isa = PBXBuildFile; fileRef = 7A22C25D25E7985C0028319D /* Utility.swift */; };
		7A22C26325E7987A0028319D /* Constants.swift in Sources */ = {isa = PBXBuildFile; fileRef = 7A22C26225E7987A0028319D /* Constants.swift */; };
		7A240EFC25E7AB18002A5CF9 /* AcuityMainViewController.swift in Sources */ = {isa = PBXBuildFile; fileRef = 7A240EF625E7AB18002A5CF9 /* AcuityMainViewController.swift */; };
		7A240EFD25E7AB18002A5CF9 /* HealthDataViewController.swift in Sources */ = {isa = PBXBuildFile; fileRef = 7A240EF825E7AB18002A5CF9 /* HealthDataViewController.swift */; };
		7A240EFE25E7AB18002A5CF9 /* LoginViewController.swift in Sources */ = {isa = PBXBuildFile; fileRef = 7A240EFB25E7AB18002A5CF9 /* LoginViewController.swift */; };
		7A240F0325E7AB41002A5CF9 /* PullUpViewController.swift in Sources */ = {isa = PBXBuildFile; fileRef = 7A240F0225E7AB41002A5CF9 /* PullUpViewController.swift */; };
		7A240F0825E7AB58002A5CF9 /* AcuityDetailPullUpViewController.swift in Sources */ = {isa = PBXBuildFile; fileRef = 7A240F0625E7AB58002A5CF9 /* AcuityDetailPullUpViewController.swift */; };
		7A240F0925E7AB58002A5CF9 /* AcuityDetailPullUp.storyboard in Resources */ = {isa = PBXBuildFile; fileRef = 7A240F0725E7AB58002A5CF9 /* AcuityDetailPullUp.storyboard */; };
		7A3EE0E725F8C01100F1FB49 /* AcuityDetailValueViewModel.swift in Sources */ = {isa = PBXBuildFile; fileRef = 7A3EE0E625F8C01100F1FB49 /* AcuityDetailValueViewModel.swift */; };
		7A3EE0EB25F8DC8F00F1FB49 /* VisualEffectView.swift in Sources */ = {isa = PBXBuildFile; fileRef = 7A3EE0EA25F8DC8F00F1FB49 /* VisualEffectView.swift */; };
		7A473A4026008E7200AD0B77 /* HKWriterManager.swift in Sources */ = {isa = PBXBuildFile; fileRef = 7A473A3F26008E7200AD0B77 /* HKWriterManager.swift */; };
		7A477AF425F20D9F00B3E369 /* LabelTitle.swift in Sources */ = {isa = PBXBuildFile; fileRef = 7A477AF025F20D9F00B3E369 /* LabelTitle.swift */; };
		7A477B1625F20E0C00B3E369 /* UIFont+Extensions.swift in Sources */ = {isa = PBXBuildFile; fileRef = 7A477B1525F20E0C00B3E369 /* UIFont+Extensions.swift */; };
		7A477B4F25F25A9B00B3E369 /* SaveButton.swift in Sources */ = {isa = PBXBuildFile; fileRef = 7A477B4E25F25A9B00B3E369 /* SaveButton.swift */; };
		7A54BD9F25F6F76F00A22B80 /* AddVitalViewModel.swift in Sources */ = {isa = PBXBuildFile; fileRef = 7A54BD9E25F6F76F00A22B80 /* AddVitalViewModel.swift */; };
		7A54BDA225F6F88600A22B80 /* VitalModel.swift in Sources */ = {isa = PBXBuildFile; fileRef = 7A54BDA125F6F88600A22B80 /* VitalModel.swift */; };
		7A57976F25ED14D300BCCD12 /* AcuityMainViewModel.swift in Sources */ = {isa = PBXBuildFile; fileRef = 7A57976E25ED14D300BCCD12 /* AcuityMainViewModel.swift */; };
		7A57977225ED1F7500BCCD12 /* ProfileViewController.swift in Sources */ = {isa = PBXBuildFile; fileRef = 7A57977125ED1F7500BCCD12 /* ProfileViewController.swift */; };
		7A57977525ED24E800BCCD12 /* Profile.storyboard in Resources */ = {isa = PBXBuildFile; fileRef = 7A57977425ED24E800BCCD12 /* Profile.storyboard */; };
		7A65AED125F5CCFE0075D846 /* CloseButton.swift in Sources */ = {isa = PBXBuildFile; fileRef = 7A65AED025F5CCFE0075D846 /* CloseButton.swift */; };
		7A65AF1B25F64AA90075D846 /* VitalsListViewController.swift in Sources */ = {isa = PBXBuildFile; fileRef = 7A65AF1A25F64AA90075D846 /* VitalsListViewController.swift */; };
		7A65AF1F25F64AE60075D846 /* AddVitalsViewController.swift in Sources */ = {isa = PBXBuildFile; fileRef = 7A65AF1E25F64AE60075D846 /* AddVitalsViewController.swift */; };
		7A6AF7FE25E7A2C2001FB132 /* RotaryWheel.m in Sources */ = {isa = PBXBuildFile; fileRef = 7A6AF7F925E7A2C2001FB132 /* RotaryWheel.m */; };
		7A6AF7FF25E7A2C2001FB132 /* Chevron.m in Sources */ = {isa = PBXBuildFile; fileRef = 7A6AF7FB25E7A2C2001FB132 /* Chevron.m */; };
		7A6AF81A25E7A572001FB132 /* UISegmentedControl+Extensions.swift in Sources */ = {isa = PBXBuildFile; fileRef = 7A6AF81925E7A572001FB132 /* UISegmentedControl+Extensions.swift */; };
		7A6AF82425E7A634001FB132 /* Header.swift in Sources */ = {isa = PBXBuildFile; fileRef = 7A6AF82225E7A634001FB132 /* Header.swift */; };
		7A6AF82525E7A634001FB132 /* Header.xib in Resources */ = {isa = PBXBuildFile; fileRef = 7A6AF82325E7A634001FB132 /* Header.xib */; };
		7A6AF82825E7A6A2001FB132 /* MyWellScore.swift in Sources */ = {isa = PBXBuildFile; fileRef = 7A6AF82725E7A6A2001FB132 /* MyWellScore.swift */; };
		7A6DB63B25F68AAA00C69E8A /* UIScrollView+TPKeyboardAvoidingAdditions.m in Sources */ = {isa = PBXBuildFile; fileRef = 7A6DB63925F68AAA00C69E8A /* UIScrollView+TPKeyboardAvoidingAdditions.m */; };
		7A6DB63D25F6914E00C69E8A /* Vitals.txt in Resources */ = {isa = PBXBuildFile; fileRef = 7AA14CDC25F65570005AC56A /* Vitals.txt */; };
		7A88C07525F85AD10047E207 /* AcuityDetailConditionViewController.swift in Sources */ = {isa = PBXBuildFile; fileRef = 7A88C07425F85AD10047E207 /* AcuityDetailConditionViewController.swift */; };
		7A88C08125F85BE60047E207 /* AcuityDetailConditionViewModel.swift in Sources */ = {isa = PBXBuildFile; fileRef = 7A88C08025F85BE60047E207 /* AcuityDetailConditionViewModel.swift */; };
		7A88C08525F85C0C0047E207 /* AcuityDetailValueViewController.swift in Sources */ = {isa = PBXBuildFile; fileRef = 7A88C08425F85C0B0047E207 /* AcuityDetailValueViewController.swift */; };
		7A92701E25EF8FB100295E2F /* ProfileOptionSelectionViewController.swift in Sources */ = {isa = PBXBuildFile; fileRef = 7A92701D25EF8FB100295E2F /* ProfileOptionSelectionViewController.swift */; };
		7AA14CF025F659E8005AC56A /* TPKeyboardAvoidingScrollView.m in Sources */ = {isa = PBXBuildFile; fileRef = 7AA14CEE25F659E7005AC56A /* TPKeyboardAvoidingScrollView.m */; };
		7AAC74E825EE2C08004ACF7A /* HandleView.xib in Resources */ = {isa = PBXBuildFile; fileRef = 7AAC74E725EE2C08004ACF7A /* HandleView.xib */; };
		7AAC74EB25EE2C15004ACF7A /* HandleView.swift in Sources */ = {isa = PBXBuildFile; fileRef = 7AAC74EA25EE2C15004ACF7A /* HandleView.swift */; };
		7AAE1A7225F0DA79005E47A1 /* AddOptionSelectionViewController.swift in Sources */ = {isa = PBXBuildFile; fileRef = 7AAE1A7125F0DA79005E47A1 /* AddOptionSelectionViewController.swift */; };
		7AAE1A7625F0DB77005E47A1 /* ConditionsListViewController.swift in Sources */ = {isa = PBXBuildFile; fileRef = 7AAE1A7525F0DB77005E47A1 /* ConditionsListViewController.swift */; };
		7AAE1A7925F0DB85005E47A1 /* AddSymptomViewController.swift in Sources */ = {isa = PBXBuildFile; fileRef = 7AAE1A7825F0DB85005E47A1 /* AddSymptomViewController.swift */; };
		7AAE1A7C25F0DE6F005E47A1 /* Add.storyboard in Resources */ = {isa = PBXBuildFile; fileRef = 7AAE1A7B25F0DE6F005E47A1 /* Add.storyboard */; };
		7AAE1A7F25F0E717005E47A1 /* AddProblemssymptomsModel.swift in Sources */ = {isa = PBXBuildFile; fileRef = 7AAE1A7E25F0E717005E47A1 /* AddProblemssymptomsModel.swift */; };
		7AAE1A8F25F0EB44005E47A1 /* Conditions.txt in Resources */ = {isa = PBXBuildFile; fileRef = 7AAE1A8E25F0EB44005E47A1 /* Conditions.txt */; };
		7AB9E76325E7AC5700BCA3C1 /* AppDelegate.swift in Sources */ = {isa = PBXBuildFile; fileRef = 7AB9E76125E7AC5700BCA3C1 /* AppDelegate.swift */; };
		7AB9E76425E7AC5700BCA3C1 /* SceneDelegate.swift in Sources */ = {isa = PBXBuildFile; fileRef = 7AB9E76225E7AC5700BCA3C1 /* SceneDelegate.swift */; };
		7AB9E78825E7B39900BCA3C1 /* String+Extensions.swift in Sources */ = {isa = PBXBuildFile; fileRef = 7AB9E78325E7B39900BCA3C1 /* String+Extensions.swift */; };
		7AB9E78925E7B39900BCA3C1 /* Array+Extensions.swift in Sources */ = {isa = PBXBuildFile; fileRef = 7AB9E78425E7B39900BCA3C1 /* Array+Extensions.swift */; };
		7AB9E78A25E7B39900BCA3C1 /* UIView+Extensions.swift in Sources */ = {isa = PBXBuildFile; fileRef = 7AB9E78525E7B39900BCA3C1 /* UIView+Extensions.swift */; };
		7AB9E78B25E7B39900BCA3C1 /* UIViewController+Alert.swift in Sources */ = {isa = PBXBuildFile; fileRef = 7AB9E78625E7B39900BCA3C1 /* UIViewController+Alert.swift */; };
		7AB9E78C25E7B39900BCA3C1 /* UIStoryboard+Instantiable.swift in Sources */ = {isa = PBXBuildFile; fileRef = 7AB9E78725E7B39900BCA3C1 /* UIStoryboard+Instantiable.swift */; };
		7AB9E7A325E7BB7300BCA3C1 /* AcuityModels.swift in Sources */ = {isa = PBXBuildFile; fileRef = 7AB9E7A225E7BB7300BCA3C1 /* AcuityModels.swift */; };
		7ACB360E25EFA1600002327C /* SettingsViewController.swift in Sources */ = {isa = PBXBuildFile; fileRef = 7ACB360D25EFA1600002327C /* SettingsViewController.swift */; };
		7ACB361125EFA16E0002327C /* TermsOfServiceViewController.swift in Sources */ = {isa = PBXBuildFile; fileRef = 7ACB361025EFA16E0002327C /* TermsOfServiceViewController.swift */; };
		7AD7E6E626036E4A0076F14E /* SFProDisplay-Ultralight.ttf in Resources */ = {isa = PBXBuildFile; fileRef = 7AD7E6DB26036E4A0076F14E /* SFProDisplay-Ultralight.ttf */; };
		7AD7E6E726036E4A0076F14E /* BRUSHSCI_1.TTF in Resources */ = {isa = PBXBuildFile; fileRef = 7AD7E6DC26036E4A0076F14E /* BRUSHSCI_1.TTF */; };
		7AD7E6E826036E4A0076F14E /* SFProDisplay-BoldItalic.ttf in Resources */ = {isa = PBXBuildFile; fileRef = 7AD7E6DD26036E4A0076F14E /* SFProDisplay-BoldItalic.ttf */; };
		7AD7E6E926036E4A0076F14E /* SFProDisplay-Medium.ttf in Resources */ = {isa = PBXBuildFile; fileRef = 7AD7E6DE26036E4A0076F14E /* SFProDisplay-Medium.ttf */; };
		7AD7E6EA26036E4A0076F14E /* SFProDisplay-ThinItalic.ttf in Resources */ = {isa = PBXBuildFile; fileRef = 7AD7E6DF26036E4A0076F14E /* SFProDisplay-ThinItalic.ttf */; };
		7AD7E6EB26036E4A0076F14E /* SFProDisplay-Regular.ttf in Resources */ = {isa = PBXBuildFile; fileRef = 7AD7E6E026036E4A0076F14E /* SFProDisplay-Regular.ttf */; };
		7AD7E6EC26036E4A0076F14E /* SFProDisplay-MediumItalic.ttf in Resources */ = {isa = PBXBuildFile; fileRef = 7AD7E6E126036E4A0076F14E /* SFProDisplay-MediumItalic.ttf */; };
		7AD7E6ED26036E4A0076F14E /* SFProDisplay-Bold.ttf in Resources */ = {isa = PBXBuildFile; fileRef = 7AD7E6E226036E4A0076F14E /* SFProDisplay-Bold.ttf */; };
		7AD7E6EE26036E4A0076F14E /* SFProDisplay-HeavyItalic.ttf in Resources */ = {isa = PBXBuildFile; fileRef = 7AD7E6E326036E4A0076F14E /* SFProDisplay-HeavyItalic.ttf */; };
		7AD7E6EF26036E4A0076F14E /* SFProDisplay-Semibold.ttf in Resources */ = {isa = PBXBuildFile; fileRef = 7AD7E6E426036E4A0076F14E /* SFProDisplay-Semibold.ttf */; };
		7AD7E6F026036E4A0076F14E /* SFProDisplay-LightItalic.ttf in Resources */ = {isa = PBXBuildFile; fileRef = 7AD7E6E526036E4A0076F14E /* SFProDisplay-LightItalic.ttf */; };
		7AFB024B25F116A800EEEA6A /* Symptoms.txt in Resources */ = {isa = PBXBuildFile; fileRef = 7AFB024A25F116A800EEEA6A /* Symptoms.txt */; };
/* End PBXBuildFile section */

/* Begin PBXFileReference section */
		2674AE460659ECA36794A9A0 /* Pods_AcuityEngine.framework */ = {isa = PBXFileReference; explicitFileType = wrapper.framework; includeInIndex = 0; path = Pods_AcuityEngine.framework; sourceTree = BUILT_PRODUCTS_DIR; };
		2E9A2C77FCE70E2F05B2179B /* Pods-AcuityEngine.debug.xcconfig */ = {isa = PBXFileReference; includeInIndex = 1; lastKnownFileType = text.xcconfig; name = "Pods-AcuityEngine.debug.xcconfig"; path = "Target Support Files/Pods-AcuityEngine/Pods-AcuityEngine.debug.xcconfig"; sourceTree = "<group>"; };
		5E581811A157C643B3DE3D9C /* Pods-AcuityEngine.release.xcconfig */ = {isa = PBXFileReference; includeInIndex = 1; lastKnownFileType = text.xcconfig; name = "Pods-AcuityEngine.release.xcconfig"; path = "Target Support Files/Pods-AcuityEngine/Pods-AcuityEngine.release.xcconfig"; sourceTree = "<group>"; };
		7A08B6D825F1BE3500F9EA20 /* SymptomsListViewController.swift */ = {isa = PBXFileReference; lastKnownFileType = sourcecode.swift; name = SymptomsListViewController.swift; path = "AcuityEngine/Classes/ViewController/Add/Add Symptoms/SymptomsListViewController.swift"; sourceTree = SOURCE_ROOT; };
		7A0AC40825F06A73009EDE25 /* ProfileModels.swift */ = {isa = PBXFileReference; lastKnownFileType = sourcecode.swift; path = ProfileModels.swift; sourceTree = "<group>"; };
		7A22C1AA25E786F10028319D /* AcuityEngine.app */ = {isa = PBXFileReference; explicitFileType = wrapper.application; includeInIndex = 0; path = AcuityEngine.app; sourceTree = BUILT_PRODUCTS_DIR; };
		7A22C1B425E786F10028319D /* Base */ = {isa = PBXFileReference; lastKnownFileType = file.storyboard; name = Base; path = Base.lproj/Main.storyboard; sourceTree = "<group>"; };
		7A22C1B725E786F10028319D /* AcuityEngine.xcdatamodel */ = {isa = PBXFileReference; lastKnownFileType = wrapper.xcdatamodel; path = AcuityEngine.xcdatamodel; sourceTree = "<group>"; };
		7A22C1B925E786F20028319D /* Assets.xcassets */ = {isa = PBXFileReference; lastKnownFileType = folder.assetcatalog; path = Assets.xcassets; sourceTree = "<group>"; };
		7A22C1BC25E786F20028319D /* Base */ = {isa = PBXFileReference; lastKnownFileType = file.storyboard; name = Base; path = Base.lproj/LaunchScreen.storyboard; sourceTree = "<group>"; };
		7A22C1BE25E786F20028319D /* Info.plist */ = {isa = PBXFileReference; lastKnownFileType = text.plist.xml; path = Info.plist; sourceTree = "<group>"; };
		7A22C1DD25E788AE0028319D /* CardioProblemData.swift */ = {isa = PBXFileReference; fileEncoding = 4; lastKnownFileType = sourcecode.swift; path = CardioProblemData.swift; sourceTree = "<group>"; };
		7A22C1DE25E788AE0028319D /* CardioProblem.swift */ = {isa = PBXFileReference; fileEncoding = 4; lastKnownFileType = sourcecode.swift; path = CardioProblem.swift; sourceTree = "<group>"; };
		7A22C1DF25E788AE0028319D /* CardioProblemCalculation.swift */ = {isa = PBXFileReference; fileEncoding = 4; lastKnownFileType = sourcecode.swift; path = CardioProblemCalculation.swift; sourceTree = "<group>"; };
		7A22C1E025E788AE0028319D /* CardioManager+Extension.swift */ = {isa = PBXFileReference; fileEncoding = 4; lastKnownFileType = sourcecode.swift; path = "CardioManager+Extension.swift"; sourceTree = "<group>"; };
		7A22C1E125E788AE0028319D /* CardioValue.swift */ = {isa = PBXFileReference; fileEncoding = 4; lastKnownFileType = sourcecode.swift; path = CardioValue.swift; sourceTree = "<group>"; };
		7A22C1E325E788AE0028319D /* CardioSymptoms.swift */ = {isa = PBXFileReference; fileEncoding = 4; lastKnownFileType = sourcecode.swift; path = CardioSymptoms.swift; sourceTree = "<group>"; };
		7A22C1E425E788AE0028319D /* CardioSymptomCalculation.swift */ = {isa = PBXFileReference; fileEncoding = 4; lastKnownFileType = sourcecode.swift; path = CardioSymptomCalculation.swift; sourceTree = "<group>"; };
		7A22C1E525E788AE0028319D /* CardioSymptomsPainData.swift */ = {isa = PBXFileReference; fileEncoding = 4; lastKnownFileType = sourcecode.swift; path = CardioSymptomsPainData.swift; sourceTree = "<group>"; };
		7A22C1E725E788AE0028319D /* CardioIMP.swift */ = {isa = PBXFileReference; fileEncoding = 4; lastKnownFileType = sourcecode.swift; path = CardioIMP.swift; sourceTree = "<group>"; };
		7A22C1E825E788AE0028319D /* CardioIMPData.swift */ = {isa = PBXFileReference; fileEncoding = 4; lastKnownFileType = sourcecode.swift; path = CardioIMPData.swift; sourceTree = "<group>"; };
		7A22C1E925E788AE0028319D /* CardioIMPCalculation.swift */ = {isa = PBXFileReference; fileEncoding = 4; lastKnownFileType = sourcecode.swift; path = CardioIMPCalculation.swift; sourceTree = "<group>"; };
		7A22C1EA25E788AF0028319D /* CardioManagerProtocol.swift */ = {isa = PBXFileReference; fileEncoding = 4; lastKnownFileType = sourcecode.swift; path = CardioManagerProtocol.swift; sourceTree = "<group>"; };
		7A22C1EB25E788AF0028319D /* CardioManager.swift */ = {isa = PBXFileReference; fileEncoding = 4; lastKnownFileType = sourcecode.swift; path = CardioManager.swift; sourceTree = "<group>"; };
		7A22C1EC25E788AF0028319D /* CardioData.swift */ = {isa = PBXFileReference; fileEncoding = 4; lastKnownFileType = sourcecode.swift; path = CardioData.swift; sourceTree = "<group>"; };
		7A22C1EE25E788AF0028319D /* CardioLab.swift */ = {isa = PBXFileReference; fileEncoding = 4; lastKnownFileType = sourcecode.swift; path = CardioLab.swift; sourceTree = "<group>"; };
		7A22C1EF25E788AF0028319D /* CardioLabData.swift */ = {isa = PBXFileReference; fileEncoding = 4; lastKnownFileType = sourcecode.swift; path = CardioLabData.swift; sourceTree = "<group>"; };
		7A22C1F025E788AF0028319D /* CardioLabCalculation.swift */ = {isa = PBXFileReference; fileEncoding = 4; lastKnownFileType = sourcecode.swift; path = CardioLabCalculation.swift; sourceTree = "<group>"; };
		7A22C1F225E788AF0028319D /* RespiratoryManager.swift */ = {isa = PBXFileReference; fileEncoding = 4; lastKnownFileType = sourcecode.swift; path = RespiratoryManager.swift; sourceTree = "<group>"; };
		7A22C1F325E788AF0028319D /* RespiratoryValue.swift */ = {isa = PBXFileReference; fileEncoding = 4; lastKnownFileType = sourcecode.swift; path = RespiratoryValue.swift; sourceTree = "<group>"; };
		7A22C1F425E788AF0028319D /* RespiratoryData.swift */ = {isa = PBXFileReference; fileEncoding = 4; lastKnownFileType = sourcecode.swift; path = RespiratoryData.swift; sourceTree = "<group>"; };
		7A22C1F625E788AF0028319D /* RespiratoryIMP.swift */ = {isa = PBXFileReference; fileEncoding = 4; lastKnownFileType = sourcecode.swift; path = RespiratoryIMP.swift; sourceTree = "<group>"; };
		7A22C1F725E788AF0028319D /* RespiratoryIMPData.swift */ = {isa = PBXFileReference; fileEncoding = 4; lastKnownFileType = sourcecode.swift; path = RespiratoryIMPData.swift; sourceTree = "<group>"; };
		7A22C1F825E788AF0028319D /* RespiratoryIMPCalculation.swift */ = {isa = PBXFileReference; fileEncoding = 4; lastKnownFileType = sourcecode.swift; path = RespiratoryIMPCalculation.swift; sourceTree = "<group>"; };
		7A22C1F925E788AF0028319D /* RespiratoryManager+Extension.swift */ = {isa = PBXFileReference; fileEncoding = 4; lastKnownFileType = sourcecode.swift; path = "RespiratoryManager+Extension.swift"; sourceTree = "<group>"; };
		7A22C1FB25E788AF0028319D /* RespiratoryProblem.swift */ = {isa = PBXFileReference; fileEncoding = 4; lastKnownFileType = sourcecode.swift; path = RespiratoryProblem.swift; sourceTree = "<group>"; };
		7A22C1FC25E788AF0028319D /* RespiratoryProblemData.swift */ = {isa = PBXFileReference; fileEncoding = 4; lastKnownFileType = sourcecode.swift; path = RespiratoryProblemData.swift; sourceTree = "<group>"; };
		7A22C1FD25E788AF0028319D /* RespiratoryProblemCalculation.swift */ = {isa = PBXFileReference; fileEncoding = 4; lastKnownFileType = sourcecode.swift; path = RespiratoryProblemCalculation.swift; sourceTree = "<group>"; };
		7A22C1FF25E788AF0028319D /* RespiratorySymptomsPainData.swift */ = {isa = PBXFileReference; fileEncoding = 4; lastKnownFileType = sourcecode.swift; path = RespiratorySymptomsPainData.swift; sourceTree = "<group>"; };
		7A22C20025E788AF0028319D /* RespiratorySymptoms.swift */ = {isa = PBXFileReference; fileEncoding = 4; lastKnownFileType = sourcecode.swift; path = RespiratorySymptoms.swift; sourceTree = "<group>"; };
		7A22C20125E788AF0028319D /* RespiratorySymptomCalculation.swift */ = {isa = PBXFileReference; fileEncoding = 4; lastKnownFileType = sourcecode.swift; path = RespiratorySymptomCalculation.swift; sourceTree = "<group>"; };
		7A22C20325E788AF0028319D /* RespiratoryLab.swift */ = {isa = PBXFileReference; fileEncoding = 4; lastKnownFileType = sourcecode.swift; path = RespiratoryLab.swift; sourceTree = "<group>"; };
		7A22C20425E788AF0028319D /* RespiratoryLabCalculation.swift */ = {isa = PBXFileReference; fileEncoding = 4; lastKnownFileType = sourcecode.swift; path = RespiratoryLabCalculation.swift; sourceTree = "<group>"; };
		7A22C20525E788AF0028319D /* RespiratoryLabData.swift */ = {isa = PBXFileReference; fileEncoding = 4; lastKnownFileType = sourcecode.swift; path = RespiratoryLabData.swift; sourceTree = "<group>"; };
		7A22C20625E788AF0028319D /* RespiratoryManagerProtocol.swift */ = {isa = PBXFileReference; fileEncoding = 4; lastKnownFileType = sourcecode.swift; path = RespiratoryManagerProtocol.swift; sourceTree = "<group>"; };
		7A22C22A25E788CE0028319D /* AcuityEngine.entitlements */ = {isa = PBXFileReference; lastKnownFileType = text.plist.entitlements; path = AcuityEngine.entitlements; sourceTree = "<group>"; };
		7A22C22C25E788CE0028319D /* HealthKit.framework */ = {isa = PBXFileReference; lastKnownFileType = wrapper.framework; name = HealthKit.framework; path = System/Library/Frameworks/HealthKit.framework; sourceTree = SDKROOT; };
		7A22C24A25E794500028319D /* CardioViewModel.swift */ = {isa = PBXFileReference; fileEncoding = 4; lastKnownFileType = sourcecode.swift; path = CardioViewModel.swift; sourceTree = "<group>"; };
		7A22C24B25E794500028319D /* RespiratoryViewModel.swift */ = {isa = PBXFileReference; fileEncoding = 4; lastKnownFileType = sourcecode.swift; path = RespiratoryViewModel.swift; sourceTree = "<group>"; };
		7A22C25025E794670028319D /* PullUpDisplayCell.swift */ = {isa = PBXFileReference; fileEncoding = 4; lastKnownFileType = sourcecode.swift; path = PullUpDisplayCell.swift; sourceTree = "<group>"; };
		7A22C25A25E798450028319D /* HKSetupAssistance.swift */ = {isa = PBXFileReference; fileEncoding = 4; lastKnownFileType = sourcecode.swift; path = HKSetupAssistance.swift; sourceTree = "<group>"; };
		7A22C25D25E7985C0028319D /* Utility.swift */ = {isa = PBXFileReference; fileEncoding = 4; lastKnownFileType = sourcecode.swift; path = Utility.swift; sourceTree = "<group>"; };
		7A22C26225E7987A0028319D /* Constants.swift */ = {isa = PBXFileReference; fileEncoding = 4; lastKnownFileType = sourcecode.swift; path = Constants.swift; sourceTree = "<group>"; };
		7A240EF625E7AB18002A5CF9 /* AcuityMainViewController.swift */ = {isa = PBXFileReference; fileEncoding = 4; lastKnownFileType = sourcecode.swift; path = AcuityMainViewController.swift; sourceTree = "<group>"; };
		7A240EF825E7AB18002A5CF9 /* HealthDataViewController.swift */ = {isa = PBXFileReference; fileEncoding = 4; lastKnownFileType = sourcecode.swift; path = HealthDataViewController.swift; sourceTree = "<group>"; };
		7A240EFB25E7AB18002A5CF9 /* LoginViewController.swift */ = {isa = PBXFileReference; fileEncoding = 4; lastKnownFileType = sourcecode.swift; path = LoginViewController.swift; sourceTree = "<group>"; };
		7A240F0225E7AB41002A5CF9 /* PullUpViewController.swift */ = {isa = PBXFileReference; fileEncoding = 4; lastKnownFileType = sourcecode.swift; path = PullUpViewController.swift; sourceTree = "<group>"; };
		7A240F0625E7AB58002A5CF9 /* AcuityDetailPullUpViewController.swift */ = {isa = PBXFileReference; fileEncoding = 4; lastKnownFileType = sourcecode.swift; path = AcuityDetailPullUpViewController.swift; sourceTree = "<group>"; };
		7A240F0725E7AB58002A5CF9 /* AcuityDetailPullUp.storyboard */ = {isa = PBXFileReference; fileEncoding = 4; lastKnownFileType = file.storyboard; path = AcuityDetailPullUp.storyboard; sourceTree = "<group>"; };
		7A3EE0E625F8C01100F1FB49 /* AcuityDetailValueViewModel.swift */ = {isa = PBXFileReference; lastKnownFileType = sourcecode.swift; path = AcuityDetailValueViewModel.swift; sourceTree = "<group>"; };
		7A3EE0EA25F8DC8F00F1FB49 /* VisualEffectView.swift */ = {isa = PBXFileReference; lastKnownFileType = sourcecode.swift; path = VisualEffectView.swift; sourceTree = "<group>"; };
		7A473A3F26008E7200AD0B77 /* HKWriterManager.swift */ = {isa = PBXFileReference; fileEncoding = 4; lastKnownFileType = sourcecode.swift; path = HKWriterManager.swift; sourceTree = "<group>"; };
		7A477AF025F20D9F00B3E369 /* LabelTitle.swift */ = {isa = PBXFileReference; fileEncoding = 4; lastKnownFileType = sourcecode.swift; path = LabelTitle.swift; sourceTree = "<group>"; };
		7A477B1525F20E0C00B3E369 /* UIFont+Extensions.swift */ = {isa = PBXFileReference; fileEncoding = 4; lastKnownFileType = sourcecode.swift; path = "UIFont+Extensions.swift"; sourceTree = "<group>"; };
		7A477B4E25F25A9B00B3E369 /* SaveButton.swift */ = {isa = PBXFileReference; lastKnownFileType = sourcecode.swift; path = SaveButton.swift; sourceTree = "<group>"; };
		7A54BD9E25F6F76F00A22B80 /* AddVitalViewModel.swift */ = {isa = PBXFileReference; lastKnownFileType = sourcecode.swift; path = AddVitalViewModel.swift; sourceTree = "<group>"; };
		7A54BDA125F6F88600A22B80 /* VitalModel.swift */ = {isa = PBXFileReference; lastKnownFileType = sourcecode.swift; path = VitalModel.swift; sourceTree = "<group>"; };
		7A57976E25ED14D300BCCD12 /* AcuityMainViewModel.swift */ = {isa = PBXFileReference; lastKnownFileType = sourcecode.swift; path = AcuityMainViewModel.swift; sourceTree = "<group>"; };
		7A57977125ED1F7500BCCD12 /* ProfileViewController.swift */ = {isa = PBXFileReference; lastKnownFileType = sourcecode.swift; path = ProfileViewController.swift; sourceTree = "<group>"; };
		7A57977425ED24E800BCCD12 /* Profile.storyboard */ = {isa = PBXFileReference; lastKnownFileType = file.storyboard; path = Profile.storyboard; sourceTree = "<group>"; };
		7A65AED025F5CCFE0075D846 /* CloseButton.swift */ = {isa = PBXFileReference; lastKnownFileType = sourcecode.swift; path = CloseButton.swift; sourceTree = "<group>"; };
		7A65AF1A25F64AA90075D846 /* VitalsListViewController.swift */ = {isa = PBXFileReference; lastKnownFileType = sourcecode.swift; path = VitalsListViewController.swift; sourceTree = "<group>"; };
		7A65AF1E25F64AE60075D846 /* AddVitalsViewController.swift */ = {isa = PBXFileReference; lastKnownFileType = sourcecode.swift; path = AddVitalsViewController.swift; sourceTree = "<group>"; };
		7A6AF7F925E7A2C2001FB132 /* RotaryWheel.m */ = {isa = PBXFileReference; fileEncoding = 4; lastKnownFileType = sourcecode.c.objc; path = RotaryWheel.m; sourceTree = "<group>"; };
		7A6AF7FA25E7A2C2001FB132 /* Chevron.h */ = {isa = PBXFileReference; fileEncoding = 4; lastKnownFileType = sourcecode.c.h; path = Chevron.h; sourceTree = "<group>"; };
		7A6AF7FB25E7A2C2001FB132 /* Chevron.m */ = {isa = PBXFileReference; fileEncoding = 4; lastKnownFileType = sourcecode.c.objc; path = Chevron.m; sourceTree = "<group>"; };
		7A6AF7FC25E7A2C2001FB132 /* RotaryWheel.h */ = {isa = PBXFileReference; fileEncoding = 4; lastKnownFileType = sourcecode.c.h; path = RotaryWheel.h; sourceTree = "<group>"; };
		7A6AF7FD25E7A2C2001FB132 /* AcuityEngine-Bridging-Header.h */ = {isa = PBXFileReference; fileEncoding = 4; lastKnownFileType = sourcecode.c.h; path = "AcuityEngine-Bridging-Header.h"; sourceTree = "<group>"; };
		7A6AF81925E7A572001FB132 /* UISegmentedControl+Extensions.swift */ = {isa = PBXFileReference; fileEncoding = 4; lastKnownFileType = sourcecode.swift; path = "UISegmentedControl+Extensions.swift"; sourceTree = "<group>"; };
		7A6AF82225E7A634001FB132 /* Header.swift */ = {isa = PBXFileReference; fileEncoding = 4; lastKnownFileType = sourcecode.swift; path = Header.swift; sourceTree = "<group>"; };
		7A6AF82325E7A634001FB132 /* Header.xib */ = {isa = PBXFileReference; fileEncoding = 4; lastKnownFileType = file.xib; path = Header.xib; sourceTree = "<group>"; };
		7A6AF82725E7A6A2001FB132 /* MyWellScore.swift */ = {isa = PBXFileReference; fileEncoding = 4; lastKnownFileType = sourcecode.swift; path = MyWellScore.swift; sourceTree = "<group>"; };
		7A6DB63925F68AAA00C69E8A /* UIScrollView+TPKeyboardAvoidingAdditions.m */ = {isa = PBXFileReference; fileEncoding = 4; lastKnownFileType = sourcecode.c.objc; path = "UIScrollView+TPKeyboardAvoidingAdditions.m"; sourceTree = "<group>"; };
		7A6DB63A25F68AAA00C69E8A /* UIScrollView+TPKeyboardAvoidingAdditions.h */ = {isa = PBXFileReference; fileEncoding = 4; lastKnownFileType = sourcecode.c.h; path = "UIScrollView+TPKeyboardAvoidingAdditions.h"; sourceTree = "<group>"; };
		7A88C07425F85AD10047E207 /* AcuityDetailConditionViewController.swift */ = {isa = PBXFileReference; lastKnownFileType = sourcecode.swift; path = AcuityDetailConditionViewController.swift; sourceTree = "<group>"; };
		7A88C08025F85BE60047E207 /* AcuityDetailConditionViewModel.swift */ = {isa = PBXFileReference; lastKnownFileType = sourcecode.swift; path = AcuityDetailConditionViewModel.swift; sourceTree = "<group>"; };
		7A88C08425F85C0B0047E207 /* AcuityDetailValueViewController.swift */ = {isa = PBXFileReference; fileEncoding = 4; lastKnownFileType = sourcecode.swift; path = AcuityDetailValueViewController.swift; sourceTree = "<group>"; };
		7A92701D25EF8FB100295E2F /* ProfileOptionSelectionViewController.swift */ = {isa = PBXFileReference; lastKnownFileType = sourcecode.swift; path = ProfileOptionSelectionViewController.swift; sourceTree = "<group>"; };
		7AA14CDC25F65570005AC56A /* Vitals.txt */ = {isa = PBXFileReference; lastKnownFileType = text; path = Vitals.txt; sourceTree = "<group>"; };
		7AA14CEE25F659E7005AC56A /* TPKeyboardAvoidingScrollView.m */ = {isa = PBXFileReference; fileEncoding = 4; lastKnownFileType = sourcecode.c.objc; path = TPKeyboardAvoidingScrollView.m; sourceTree = "<group>"; };
		7AA14CEF25F659E7005AC56A /* TPKeyboardAvoidingScrollView.h */ = {isa = PBXFileReference; fileEncoding = 4; lastKnownFileType = sourcecode.c.h; path = TPKeyboardAvoidingScrollView.h; sourceTree = "<group>"; };
		7AAC74E725EE2C08004ACF7A /* HandleView.xib */ = {isa = PBXFileReference; lastKnownFileType = file.xib; path = HandleView.xib; sourceTree = "<group>"; };
		7AAC74EA25EE2C15004ACF7A /* HandleView.swift */ = {isa = PBXFileReference; lastKnownFileType = sourcecode.swift; path = HandleView.swift; sourceTree = "<group>"; };
		7AAE1A7125F0DA79005E47A1 /* AddOptionSelectionViewController.swift */ = {isa = PBXFileReference; lastKnownFileType = sourcecode.swift; path = AddOptionSelectionViewController.swift; sourceTree = "<group>"; };
		7AAE1A7525F0DB77005E47A1 /* ConditionsListViewController.swift */ = {isa = PBXFileReference; lastKnownFileType = sourcecode.swift; path = ConditionsListViewController.swift; sourceTree = "<group>"; };
		7AAE1A7825F0DB85005E47A1 /* AddSymptomViewController.swift */ = {isa = PBXFileReference; lastKnownFileType = sourcecode.swift; path = AddSymptomViewController.swift; sourceTree = "<group>"; };
		7AAE1A7B25F0DE6F005E47A1 /* Add.storyboard */ = {isa = PBXFileReference; lastKnownFileType = file.storyboard; path = Add.storyboard; sourceTree = "<group>"; };
		7AAE1A7E25F0E717005E47A1 /* AddProblemssymptomsModel.swift */ = {isa = PBXFileReference; lastKnownFileType = sourcecode.swift; path = AddProblemssymptomsModel.swift; sourceTree = "<group>"; };
		7AAE1A8E25F0EB44005E47A1 /* Conditions.txt */ = {isa = PBXFileReference; fileEncoding = 4; lastKnownFileType = text; path = Conditions.txt; sourceTree = "<group>"; };
		7AB9E76125E7AC5700BCA3C1 /* AppDelegate.swift */ = {isa = PBXFileReference; fileEncoding = 4; lastKnownFileType = sourcecode.swift; path = AppDelegate.swift; sourceTree = "<group>"; };
		7AB9E76225E7AC5700BCA3C1 /* SceneDelegate.swift */ = {isa = PBXFileReference; fileEncoding = 4; lastKnownFileType = sourcecode.swift; path = SceneDelegate.swift; sourceTree = "<group>"; };
		7AB9E78325E7B39900BCA3C1 /* String+Extensions.swift */ = {isa = PBXFileReference; fileEncoding = 4; lastKnownFileType = sourcecode.swift; path = "String+Extensions.swift"; sourceTree = "<group>"; };
		7AB9E78425E7B39900BCA3C1 /* Array+Extensions.swift */ = {isa = PBXFileReference; fileEncoding = 4; lastKnownFileType = sourcecode.swift; path = "Array+Extensions.swift"; sourceTree = "<group>"; };
		7AB9E78525E7B39900BCA3C1 /* UIView+Extensions.swift */ = {isa = PBXFileReference; fileEncoding = 4; lastKnownFileType = sourcecode.swift; path = "UIView+Extensions.swift"; sourceTree = "<group>"; };
		7AB9E78625E7B39900BCA3C1 /* UIViewController+Alert.swift */ = {isa = PBXFileReference; fileEncoding = 4; lastKnownFileType = sourcecode.swift; path = "UIViewController+Alert.swift"; sourceTree = "<group>"; };
		7AB9E78725E7B39900BCA3C1 /* UIStoryboard+Instantiable.swift */ = {isa = PBXFileReference; fileEncoding = 4; lastKnownFileType = sourcecode.swift; path = "UIStoryboard+Instantiable.swift"; sourceTree = "<group>"; };
		7AB9E7A225E7BB7300BCA3C1 /* AcuityModels.swift */ = {isa = PBXFileReference; lastKnownFileType = sourcecode.swift; path = AcuityModels.swift; sourceTree = "<group>"; };
		7ACB360D25EFA1600002327C /* SettingsViewController.swift */ = {isa = PBXFileReference; lastKnownFileType = sourcecode.swift; path = SettingsViewController.swift; sourceTree = "<group>"; };
		7ACB361025EFA16E0002327C /* TermsOfServiceViewController.swift */ = {isa = PBXFileReference; lastKnownFileType = sourcecode.swift; path = TermsOfServiceViewController.swift; sourceTree = "<group>"; };
		7AD7E6DB26036E4A0076F14E /* SFProDisplay-Ultralight.ttf */ = {isa = PBXFileReference; lastKnownFileType = file; path = "SFProDisplay-Ultralight.ttf"; sourceTree = "<group>"; };
		7AD7E6DC26036E4A0076F14E /* BRUSHSCI_1.TTF */ = {isa = PBXFileReference; lastKnownFileType = file; path = BRUSHSCI_1.TTF; sourceTree = "<group>"; };
		7AD7E6DD26036E4A0076F14E /* SFProDisplay-BoldItalic.ttf */ = {isa = PBXFileReference; lastKnownFileType = file; path = "SFProDisplay-BoldItalic.ttf"; sourceTree = "<group>"; };
		7AD7E6DE26036E4A0076F14E /* SFProDisplay-Medium.ttf */ = {isa = PBXFileReference; lastKnownFileType = file; path = "SFProDisplay-Medium.ttf"; sourceTree = "<group>"; };
		7AD7E6DF26036E4A0076F14E /* SFProDisplay-ThinItalic.ttf */ = {isa = PBXFileReference; lastKnownFileType = file; path = "SFProDisplay-ThinItalic.ttf"; sourceTree = "<group>"; };
		7AD7E6E026036E4A0076F14E /* SFProDisplay-Regular.ttf */ = {isa = PBXFileReference; lastKnownFileType = file; path = "SFProDisplay-Regular.ttf"; sourceTree = "<group>"; };
		7AD7E6E126036E4A0076F14E /* SFProDisplay-MediumItalic.ttf */ = {isa = PBXFileReference; lastKnownFileType = file; path = "SFProDisplay-MediumItalic.ttf"; sourceTree = "<group>"; };
		7AD7E6E226036E4A0076F14E /* SFProDisplay-Bold.ttf */ = {isa = PBXFileReference; lastKnownFileType = file; path = "SFProDisplay-Bold.ttf"; sourceTree = "<group>"; };
		7AD7E6E326036E4A0076F14E /* SFProDisplay-HeavyItalic.ttf */ = {isa = PBXFileReference; lastKnownFileType = file; path = "SFProDisplay-HeavyItalic.ttf"; sourceTree = "<group>"; };
		7AD7E6E426036E4A0076F14E /* SFProDisplay-Semibold.ttf */ = {isa = PBXFileReference; lastKnownFileType = file; path = "SFProDisplay-Semibold.ttf"; sourceTree = "<group>"; };
		7AD7E6E526036E4A0076F14E /* SFProDisplay-LightItalic.ttf */ = {isa = PBXFileReference; lastKnownFileType = file; path = "SFProDisplay-LightItalic.ttf"; sourceTree = "<group>"; };
		7AFB024A25F116A800EEEA6A /* Symptoms.txt */ = {isa = PBXFileReference; fileEncoding = 4; lastKnownFileType = text; path = Symptoms.txt; sourceTree = "<group>"; };
/* End PBXFileReference section */

/* Begin PBXFrameworksBuildPhase section */
		7A22C1A725E786F10028319D /* Frameworks */ = {
			isa = PBXFrameworksBuildPhase;
			buildActionMask = 2147483647;
			files = (
				7A22C22D25E788CE0028319D /* HealthKit.framework in Frameworks */,
				08B879B268566B06F141D3F3 /* Pods_AcuityEngine.framework in Frameworks */,
			);
			runOnlyForDeploymentPostprocessing = 0;
		};
/* End PBXFrameworksBuildPhase section */

/* Begin PBXGroup section */
		7A22C1A125E786F10028319D = {
			isa = PBXGroup;
			children = (
				7A22C1AC25E786F10028319D /* AcuityEngine */,
				7A22C1AB25E786F10028319D /* Products */,
				7A22C22B25E788CE0028319D /* Frameworks */,
				BE8F74FDC050DC06E099C075 /* Pods */,
			);
			sourceTree = "<group>";
		};
		7A22C1AB25E786F10028319D /* Products */ = {
			isa = PBXGroup;
			children = (
				7A22C1AA25E786F10028319D /* AcuityEngine.app */,
			);
			name = Products;
			sourceTree = "<group>";
		};
		7A22C1AC25E786F10028319D /* AcuityEngine */ = {
			isa = PBXGroup;
			children = (
				7A6AF7FD25E7A2C2001FB132 /* AcuityEngine-Bridging-Header.h */,
				7A22C22A25E788CE0028319D /* AcuityEngine.entitlements */,
				7A22C1CD25E787AD0028319D /* Resources */,
				7A22C1C525E787520028319D /* Classes */,
				7A22C1BB25E786F20028319D /* LaunchScreen.storyboard */,
				7A22C1BE25E786F20028319D /* Info.plist */,
				7A22C1B625E786F10028319D /* AcuityEngine.xcdatamodeld */,
			);
			path = AcuityEngine;
			sourceTree = "<group>";
		};
		7A22C1C525E787520028319D /* Classes */ = {
			isa = PBXGroup;
			children = (
				7AA14CEC25F659C5005AC56A /* 3rd party */,
				7A22C26125E7986D0028319D /* Constants */,
				7A22C1DA25E788910028319D /* HealthSystems */,
				7A22C1CC25E787940028319D /* WebService */,
				7A22C1CB25E7878F0028319D /* Utility */,
				7A22C1CA25E787870028319D /* Extensions */,
				7A22C1C925E787810028319D /* View */,
				7A22C1C825E7877A0028319D /* Model */,
				7A22C24925E794500028319D /* ViewModel */,
				7A240EF425E7AB18002A5CF9 /* ViewController */,
				7A22C1C625E787690028319D /* Database */,
			);
			path = Classes;
			sourceTree = "<group>";
		};
		7A22C1C625E787690028319D /* Database */ = {
			isa = PBXGroup;
			children = (
				7AAE1A8E25F0EB44005E47A1 /* Conditions.txt */,
				7AA14CDC25F65570005AC56A /* Vitals.txt */,
				7AFB024A25F116A800EEEA6A /* Symptoms.txt */,
			);
			path = Database;
			sourceTree = "<group>";
		};
		7A22C1C825E7877A0028319D /* Model */ = {
			isa = PBXGroup;
			children = (
				7AB9E7A225E7BB7300BCA3C1 /* AcuityModels.swift */,
				7A0AC40825F06A73009EDE25 /* ProfileModels.swift */,
				7AAE1A7E25F0E717005E47A1 /* AddProblemssymptomsModel.swift */,
				7A54BDA125F6F88600A22B80 /* VitalModel.swift */,
			);
			path = Model;
			sourceTree = "<group>";
		};
		7A22C1C925E787810028319D /* View */ = {
			isa = PBXGroup;
			children = (
				7A477B4D25F25A8600B3E369 /* Buttons */,
				7A477AEF25F20D9F00B3E369 /* Labels */,
				7A6AF7F825E7A2C2001FB132 /* Rotary Wheel */,
				7A22C24F25E794670028319D /* Cell */,
				7AAC74E625EE2BF5004ACF7A /* Handle View */,
				7A6AF82125E7A634001FB132 /* Header */,
				7A22C1B325E786F10028319D /* Main.storyboard */,
				7A240F0725E7AB58002A5CF9 /* AcuityDetailPullUp.storyboard */,
				7A57977425ED24E800BCCD12 /* Profile.storyboard */,
				7AAE1A7B25F0DE6F005E47A1 /* Add.storyboard */,
			);
			path = View;
			sourceTree = "<group>";
		};
		7A22C1CA25E787870028319D /* Extensions */ = {
			isa = PBXGroup;
			children = (
				7A6AF81925E7A572001FB132 /* UISegmentedControl+Extensions.swift */,
				7AB9E78425E7B39900BCA3C1 /* Array+Extensions.swift */,
				7AB9E78325E7B39900BCA3C1 /* String+Extensions.swift */,
				7AB9E78725E7B39900BCA3C1 /* UIStoryboard+Instantiable.swift */,
				7AB9E78525E7B39900BCA3C1 /* UIView+Extensions.swift */,
				7AB9E78625E7B39900BCA3C1 /* UIViewController+Alert.swift */,
			);
			path = Extensions;
			sourceTree = "<group>";
		};
		7A22C1CB25E7878F0028319D /* Utility */ = {
			isa = PBXGroup;
			children = (
				7A22C25D25E7985C0028319D /* Utility.swift */,
			);
			path = Utility;
			sourceTree = "<group>";
		};
		7A22C1CC25E787940028319D /* WebService */ = {
			isa = PBXGroup;
			children = (
			);
			path = WebService;
			sourceTree = "<group>";
		};
		7A22C1CD25E787AD0028319D /* Resources */ = {
			isa = PBXGroup;
			children = (
				7AD7E6DA26036E4A0076F14E /* Fonts */,
				7A22C1B925E786F20028319D /* Assets.xcassets */,
			);
			path = Resources;
			sourceTree = "<group>";
		};
		7A22C1DA25E788910028319D /* HealthSystems */ = {
			isa = PBXGroup;
			children = (
				7A6AF82725E7A6A2001FB132 /* MyWellScore.swift */,
				7A22C25A25E798450028319D /* HKSetupAssistance.swift */,
				7A473A3F26008E7200AD0B77 /* HKWriterManager.swift */,
				7A22C1DB25E788AE0028319D /* Cardio */,
				7A22C1F125E788AF0028319D /* Respiratory */,
			);
			path = HealthSystems;
			sourceTree = "<group>";
		};
		7A22C1DB25E788AE0028319D /* Cardio */ = {
			isa = PBXGroup;
			children = (
				7A22C1DC25E788AE0028319D /* CardioProblemData */,
				7A22C1E025E788AE0028319D /* CardioManager+Extension.swift */,
				7A22C1E125E788AE0028319D /* CardioValue.swift */,
				7A22C1E225E788AE0028319D /* CardioSymptomsData */,
				7A22C1E625E788AE0028319D /* CardioIMPData */,
				7A22C1EA25E788AF0028319D /* CardioManagerProtocol.swift */,
				7A22C1EB25E788AF0028319D /* CardioManager.swift */,
				7A22C1EC25E788AF0028319D /* CardioData.swift */,
				7A22C1ED25E788AF0028319D /* CardioLabData */,
			);
			path = Cardio;
			sourceTree = "<group>";
		};
		7A22C1DC25E788AE0028319D /* CardioProblemData */ = {
			isa = PBXGroup;
			children = (
				7A22C1DD25E788AE0028319D /* CardioProblemData.swift */,
				7A22C1DE25E788AE0028319D /* CardioProblem.swift */,
				7A22C1DF25E788AE0028319D /* CardioProblemCalculation.swift */,
			);
			path = CardioProblemData;
			sourceTree = "<group>";
		};
		7A22C1E225E788AE0028319D /* CardioSymptomsData */ = {
			isa = PBXGroup;
			children = (
				7A22C1E325E788AE0028319D /* CardioSymptoms.swift */,
				7A22C1E425E788AE0028319D /* CardioSymptomCalculation.swift */,
				7A22C1E525E788AE0028319D /* CardioSymptomsPainData.swift */,
			);
			path = CardioSymptomsData;
			sourceTree = "<group>";
		};
		7A22C1E625E788AE0028319D /* CardioIMPData */ = {
			isa = PBXGroup;
			children = (
				7A22C1E725E788AE0028319D /* CardioIMP.swift */,
				7A22C1E825E788AE0028319D /* CardioIMPData.swift */,
				7A22C1E925E788AE0028319D /* CardioIMPCalculation.swift */,
			);
			path = CardioIMPData;
			sourceTree = "<group>";
		};
		7A22C1ED25E788AF0028319D /* CardioLabData */ = {
			isa = PBXGroup;
			children = (
				7A22C1EE25E788AF0028319D /* CardioLab.swift */,
				7A22C1EF25E788AF0028319D /* CardioLabData.swift */,
				7A22C1F025E788AF0028319D /* CardioLabCalculation.swift */,
			);
			path = CardioLabData;
			sourceTree = "<group>";
		};
		7A22C1F125E788AF0028319D /* Respiratory */ = {
			isa = PBXGroup;
			children = (
				7A22C1F225E788AF0028319D /* RespiratoryManager.swift */,
				7A22C1F325E788AF0028319D /* RespiratoryValue.swift */,
				7A22C1F425E788AF0028319D /* RespiratoryData.swift */,
				7A22C1F525E788AF0028319D /* RespiratoryIMPData */,
				7A22C1F925E788AF0028319D /* RespiratoryManager+Extension.swift */,
				7A22C1FA25E788AF0028319D /* RespiratoryProblemData */,
				7A22C1FE25E788AF0028319D /* RespiratorySymptomsData */,
				7A22C20225E788AF0028319D /* RespiratoryLabData */,
				7A22C20625E788AF0028319D /* RespiratoryManagerProtocol.swift */,
			);
			path = Respiratory;
			sourceTree = "<group>";
		};
		7A22C1F525E788AF0028319D /* RespiratoryIMPData */ = {
			isa = PBXGroup;
			children = (
				7A22C1F625E788AF0028319D /* RespiratoryIMP.swift */,
				7A22C1F725E788AF0028319D /* RespiratoryIMPData.swift */,
				7A22C1F825E788AF0028319D /* RespiratoryIMPCalculation.swift */,
			);
			path = RespiratoryIMPData;
			sourceTree = "<group>";
		};
		7A22C1FA25E788AF0028319D /* RespiratoryProblemData */ = {
			isa = PBXGroup;
			children = (
				7A22C1FB25E788AF0028319D /* RespiratoryProblem.swift */,
				7A22C1FC25E788AF0028319D /* RespiratoryProblemData.swift */,
				7A22C1FD25E788AF0028319D /* RespiratoryProblemCalculation.swift */,
			);
			path = RespiratoryProblemData;
			sourceTree = "<group>";
		};
		7A22C1FE25E788AF0028319D /* RespiratorySymptomsData */ = {
			isa = PBXGroup;
			children = (
				7A22C1FF25E788AF0028319D /* RespiratorySymptomsPainData.swift */,
				7A22C20025E788AF0028319D /* RespiratorySymptoms.swift */,
				7A22C20125E788AF0028319D /* RespiratorySymptomCalculation.swift */,
			);
			path = RespiratorySymptomsData;
			sourceTree = "<group>";
		};
		7A22C20225E788AF0028319D /* RespiratoryLabData */ = {
			isa = PBXGroup;
			children = (
				7A22C20325E788AF0028319D /* RespiratoryLab.swift */,
				7A22C20425E788AF0028319D /* RespiratoryLabCalculation.swift */,
				7A22C20525E788AF0028319D /* RespiratoryLabData.swift */,
			);
			path = RespiratoryLabData;
			sourceTree = "<group>";
		};
		7A22C22B25E788CE0028319D /* Frameworks */ = {
			isa = PBXGroup;
			children = (
				7A22C22C25E788CE0028319D /* HealthKit.framework */,
				2674AE460659ECA36794A9A0 /* Pods_AcuityEngine.framework */,
			);
			name = Frameworks;
			sourceTree = "<group>";
		};
		7A22C24925E794500028319D /* ViewModel */ = {
			isa = PBXGroup;
			children = (
				7A22C24A25E794500028319D /* CardioViewModel.swift */,
				7A22C24B25E794500028319D /* RespiratoryViewModel.swift */,
			);
			path = ViewModel;
			sourceTree = "<group>";
		};
		7A22C24F25E794670028319D /* Cell */ = {
			isa = PBXGroup;
			children = (
				7A22C25025E794670028319D /* PullUpDisplayCell.swift */,
			);
			path = Cell;
			sourceTree = "<group>";
		};
		7A22C26125E7986D0028319D /* Constants */ = {
			isa = PBXGroup;
			children = (
				7A22C26225E7987A0028319D /* Constants.swift */,
			);
			path = Constants;
			sourceTree = "<group>";
		};
		7A240EF425E7AB18002A5CF9 /* ViewController */ = {
			isa = PBXGroup;
			children = (
				7AAE1A6C25F0D510005E47A1 /* Add */,
				7AB9E76025E7AC5700BCA3C1 /* Delegate */,
				7A240F0525E7AB58002A5CF9 /* Acuity Detail */,
				7AB9E76B25E7AD5300BCA3C1 /* Base Controller */,
				7A240EF525E7AB18002A5CF9 /* Acuity Main */,
				7A240EF725E7AB18002A5CF9 /* Fetch Health Data */,
				7A240EF925E7AB18002A5CF9 /* Profile */,
				7A240EFA25E7AB18002A5CF9 /* Login */,
			);
			path = ViewController;
			sourceTree = "<group>";
		};
		7A240EF525E7AB18002A5CF9 /* Acuity Main */ = {
			isa = PBXGroup;
			children = (
				7A240EF625E7AB18002A5CF9 /* AcuityMainViewController.swift */,
				7A57976E25ED14D300BCCD12 /* AcuityMainViewModel.swift */,
			);
			path = "Acuity Main";
			sourceTree = "<group>";
		};
		7A240EF725E7AB18002A5CF9 /* Fetch Health Data */ = {
			isa = PBXGroup;
			children = (
				7A240EF825E7AB18002A5CF9 /* HealthDataViewController.swift */,
			);
			path = "Fetch Health Data";
			sourceTree = "<group>";
		};
		7A240EF925E7AB18002A5CF9 /* Profile */ = {
			isa = PBXGroup;
			children = (
				7A57977125ED1F7500BCCD12 /* ProfileViewController.swift */,
				7ACB361025EFA16E0002327C /* TermsOfServiceViewController.swift */,
				7ACB360D25EFA1600002327C /* SettingsViewController.swift */,
				7A92701D25EF8FB100295E2F /* ProfileOptionSelectionViewController.swift */,
			);
			path = Profile;
			sourceTree = "<group>";
		};
		7A240EFA25E7AB18002A5CF9 /* Login */ = {
			isa = PBXGroup;
			children = (
				7A240EFB25E7AB18002A5CF9 /* LoginViewController.swift */,
			);
			path = Login;
			sourceTree = "<group>";
		};
		7A240F0525E7AB58002A5CF9 /* Acuity Detail */ = {
			isa = PBXGroup;
			children = (
				7A240F0625E7AB58002A5CF9 /* AcuityDetailPullUpViewController.swift */,
				7A88C07425F85AD10047E207 /* AcuityDetailConditionViewController.swift */,
				7A88C08025F85BE60047E207 /* AcuityDetailConditionViewModel.swift */,
				7A88C08425F85C0B0047E207 /* AcuityDetailValueViewController.swift */,
				7A3EE0E625F8C01100F1FB49 /* AcuityDetailValueViewModel.swift */,
			);
			path = "Acuity Detail";
			sourceTree = "<group>";
		};
		7A477AEF25F20D9F00B3E369 /* Labels */ = {
			isa = PBXGroup;
			children = (
				7A477AF025F20D9F00B3E369 /* LabelTitle.swift */,
				7A3EE0EA25F8DC8F00F1FB49 /* VisualEffectView.swift */,
				7A477B1525F20E0C00B3E369 /* UIFont+Extensions.swift */,
			);
			path = Labels;
			sourceTree = "<group>";
		};
		7A477B4D25F25A8600B3E369 /* Buttons */ = {
			isa = PBXGroup;
			children = (
				7A477B4E25F25A9B00B3E369 /* SaveButton.swift */,
				7A65AED025F5CCFE0075D846 /* CloseButton.swift */,
			);
			path = Buttons;
			sourceTree = "<group>";
		};
		7A65AF1925F64A820075D846 /* Vitals */ = {
			isa = PBXGroup;
			children = (
				7A65AF1A25F64AA90075D846 /* VitalsListViewController.swift */,
				7A65AF1E25F64AE60075D846 /* AddVitalsViewController.swift */,
				7A54BD9E25F6F76F00A22B80 /* AddVitalViewModel.swift */,
			);
			path = Vitals;
			sourceTree = "<group>";
		};
		7A6AF7F825E7A2C2001FB132 /* Rotary Wheel */ = {
			isa = PBXGroup;
			children = (
				7A6AF7F925E7A2C2001FB132 /* RotaryWheel.m */,
				7A6AF7FA25E7A2C2001FB132 /* Chevron.h */,
				7A6AF7FB25E7A2C2001FB132 /* Chevron.m */,
				7A6AF7FC25E7A2C2001FB132 /* RotaryWheel.h */,
			);
			path = "Rotary Wheel";
			sourceTree = "<group>";
		};
		7A6AF82125E7A634001FB132 /* Header */ = {
			isa = PBXGroup;
			children = (
				7A6AF82225E7A634001FB132 /* Header.swift */,
				7A6AF82325E7A634001FB132 /* Header.xib */,
			);
			path = Header;
			sourceTree = "<group>";
		};
		7AA14CEC25F659C5005AC56A /* 3rd party */ = {
			isa = PBXGroup;
			children = (
				7AA14CED25F659D6005AC56A /* Scrollview */,
			);
			path = "3rd party";
			sourceTree = "<group>";
		};
		7AA14CED25F659D6005AC56A /* Scrollview */ = {
			isa = PBXGroup;
			children = (
				7AA14CEF25F659E7005AC56A /* TPKeyboardAvoidingScrollView.h */,
				7AA14CEE25F659E7005AC56A /* TPKeyboardAvoidingScrollView.m */,
				7A6DB63A25F68AAA00C69E8A /* UIScrollView+TPKeyboardAvoidingAdditions.h */,
				7A6DB63925F68AAA00C69E8A /* UIScrollView+TPKeyboardAvoidingAdditions.m */,
			);
			path = Scrollview;
			sourceTree = "<group>";
		};
		7AAC74E625EE2BF5004ACF7A /* Handle View */ = {
			isa = PBXGroup;
			children = (
				7AAC74E725EE2C08004ACF7A /* HandleView.xib */,
				7AAC74EA25EE2C15004ACF7A /* HandleView.swift */,
			);
			path = "Handle View";
			sourceTree = "<group>";
		};
		7AAE1A6C25F0D510005E47A1 /* Add */ = {
			isa = PBXGroup;
			children = (
				7A65AF1925F64A820075D846 /* Vitals */,
				7AAE1A6E25F0D521005E47A1 /* Add Problems */,
				7AAE1A6D25F0D517005E47A1 /* Add Symptoms */,
				7AAE1A7125F0DA79005E47A1 /* AddOptionSelectionViewController.swift */,
			);
			path = Add;
			sourceTree = "<group>";
		};
		7AAE1A6D25F0D517005E47A1 /* Add Symptoms */ = {
			isa = PBXGroup;
			children = (
				7AAE1A7825F0DB85005E47A1 /* AddSymptomViewController.swift */,
				7A08B6D825F1BE3500F9EA20 /* SymptomsListViewController.swift */,
			);
			path = "Add Symptoms";
			sourceTree = "<group>";
		};
		7AAE1A6E25F0D521005E47A1 /* Add Problems */ = {
			isa = PBXGroup;
			children = (
				7AAE1A7525F0DB77005E47A1 /* ConditionsListViewController.swift */,
			);
			path = "Add Problems";
			sourceTree = "<group>";
		};
		7AB9E76025E7AC5700BCA3C1 /* Delegate */ = {
			isa = PBXGroup;
			children = (
				7AB9E76125E7AC5700BCA3C1 /* AppDelegate.swift */,
				7AB9E76225E7AC5700BCA3C1 /* SceneDelegate.swift */,
			);
			path = Delegate;
			sourceTree = "<group>";
		};
		7AB9E76B25E7AD5300BCA3C1 /* Base Controller */ = {
			isa = PBXGroup;
			children = (
				7A240F0225E7AB41002A5CF9 /* PullUpViewController.swift */,
			);
			path = "Base Controller";
			sourceTree = "<group>";
		};
		7AD7E6DA26036E4A0076F14E /* Fonts */ = {
			isa = PBXGroup;
			children = (
				7AD7E6DB26036E4A0076F14E /* SFProDisplay-Ultralight.ttf */,
				7AD7E6DC26036E4A0076F14E /* BRUSHSCI_1.TTF */,
				7AD7E6DD26036E4A0076F14E /* SFProDisplay-BoldItalic.ttf */,
				7AD7E6DE26036E4A0076F14E /* SFProDisplay-Medium.ttf */,
				7AD7E6DF26036E4A0076F14E /* SFProDisplay-ThinItalic.ttf */,
				7AD7E6E026036E4A0076F14E /* SFProDisplay-Regular.ttf */,
				7AD7E6E126036E4A0076F14E /* SFProDisplay-MediumItalic.ttf */,
				7AD7E6E226036E4A0076F14E /* SFProDisplay-Bold.ttf */,
				7AD7E6E326036E4A0076F14E /* SFProDisplay-HeavyItalic.ttf */,
				7AD7E6E426036E4A0076F14E /* SFProDisplay-Semibold.ttf */,
				7AD7E6E526036E4A0076F14E /* SFProDisplay-LightItalic.ttf */,
			);
			path = Fonts;
			sourceTree = "<group>";
		};
		BE8F74FDC050DC06E099C075 /* Pods */ = {
			isa = PBXGroup;
			children = (
				2E9A2C77FCE70E2F05B2179B /* Pods-AcuityEngine.debug.xcconfig */,
				5E581811A157C643B3DE3D9C /* Pods-AcuityEngine.release.xcconfig */,
			);
			path = Pods;
			sourceTree = "<group>";
		};
/* End PBXGroup section */

/* Begin PBXNativeTarget section */
		7A22C1A925E786F10028319D /* AcuityEngine */ = {
			isa = PBXNativeTarget;
			buildConfigurationList = 7A22C1C125E786F20028319D /* Build configuration list for PBXNativeTarget "AcuityEngine" */;
			buildPhases = (
				75CBA97085C5A444EC2658DA /* [CP] Check Pods Manifest.lock */,
				7A22C1A625E786F10028319D /* Sources */,
				7A22C1A725E786F10028319D /* Frameworks */,
				7A22C1A825E786F10028319D /* Resources */,
				8A3BE120981C58A505FF7F18 /* [CP] Embed Pods Frameworks */,
			);
			buildRules = (
			);
			dependencies = (
			);
			name = AcuityEngine;
			productName = AcuityEngine;
			productReference = 7A22C1AA25E786F10028319D /* AcuityEngine.app */;
			productType = "com.apple.product-type.application";
		};
/* End PBXNativeTarget section */

/* Begin PBXProject section */
		7A22C1A225E786F10028319D /* Project object */ = {
			isa = PBXProject;
			attributes = {
				LastSwiftUpdateCheck = 1240;
				LastUpgradeCheck = 1240;
				TargetAttributes = {
					7A22C1A925E786F10028319D = {
						CreatedOnToolsVersion = 12.4;
					};
				};
			};
			buildConfigurationList = 7A22C1A525E786F10028319D /* Build configuration list for PBXProject "AcuityEngine" */;
			compatibilityVersion = "Xcode 9.3";
			developmentRegion = en;
			hasScannedForEncodings = 0;
			knownRegions = (
				en,
				Base,
			);
			mainGroup = 7A22C1A125E786F10028319D;
			productRefGroup = 7A22C1AB25E786F10028319D /* Products */;
			projectDirPath = "";
			projectRoot = "";
			targets = (
				7A22C1A925E786F10028319D /* AcuityEngine */,
			);
		};
/* End PBXProject section */

/* Begin PBXResourcesBuildPhase section */
		7A22C1A825E786F10028319D /* Resources */ = {
			isa = PBXResourcesBuildPhase;
			buildActionMask = 2147483647;
			files = (
				7A57977525ED24E800BCCD12 /* Profile.storyboard in Resources */,
				7A22C1BD25E786F20028319D /* LaunchScreen.storyboard in Resources */,
				7A6AF82525E7A634001FB132 /* Header.xib in Resources */,
				7AD7E6E826036E4A0076F14E /* SFProDisplay-BoldItalic.ttf in Resources */,
				7AD7E6E726036E4A0076F14E /* BRUSHSCI_1.TTF in Resources */,
				7A22C1BA25E786F20028319D /* Assets.xcassets in Resources */,
				7AD7E6E626036E4A0076F14E /* SFProDisplay-Ultralight.ttf in Resources */,
				7AAE1A8F25F0EB44005E47A1 /* Conditions.txt in Resources */,
				7A22C1B525E786F10028319D /* Main.storyboard in Resources */,
				7AD7E6ED26036E4A0076F14E /* SFProDisplay-Bold.ttf in Resources */,
				7AAC74E825EE2C08004ACF7A /* HandleView.xib in Resources */,
				7AAE1A7C25F0DE6F005E47A1 /* Add.storyboard in Resources */,
				7AD7E6EE26036E4A0076F14E /* SFProDisplay-HeavyItalic.ttf in Resources */,
				7A6DB63D25F6914E00C69E8A /* Vitals.txt in Resources */,
				7AFB024B25F116A800EEEA6A /* Symptoms.txt in Resources */,
				7AD7E6EC26036E4A0076F14E /* SFProDisplay-MediumItalic.ttf in Resources */,
				7AD7E6EF26036E4A0076F14E /* SFProDisplay-Semibold.ttf in Resources */,
				7AD7E6F026036E4A0076F14E /* SFProDisplay-LightItalic.ttf in Resources */,
				7AD7E6EA26036E4A0076F14E /* SFProDisplay-ThinItalic.ttf in Resources */,
				7AD7E6EB26036E4A0076F14E /* SFProDisplay-Regular.ttf in Resources */,
				7A240F0925E7AB58002A5CF9 /* AcuityDetailPullUp.storyboard in Resources */,
				7AD7E6E926036E4A0076F14E /* SFProDisplay-Medium.ttf in Resources */,
			);
			runOnlyForDeploymentPostprocessing = 0;
		};
/* End PBXResourcesBuildPhase section */

/* Begin PBXShellScriptBuildPhase section */
		75CBA97085C5A444EC2658DA /* [CP] Check Pods Manifest.lock */ = {
			isa = PBXShellScriptBuildPhase;
			buildActionMask = 2147483647;
			files = (
			);
			inputFileListPaths = (
			);
			inputPaths = (
				"${PODS_PODFILE_DIR_PATH}/Podfile.lock",
				"${PODS_ROOT}/Manifest.lock",
			);
			name = "[CP] Check Pods Manifest.lock";
			outputFileListPaths = (
			);
			outputPaths = (
				"$(DERIVED_FILE_DIR)/Pods-AcuityEngine-checkManifestLockResult.txt",
			);
			runOnlyForDeploymentPostprocessing = 0;
			shellPath = /bin/sh;
			shellScript = "diff \"${PODS_PODFILE_DIR_PATH}/Podfile.lock\" \"${PODS_ROOT}/Manifest.lock\" > /dev/null\nif [ $? != 0 ] ; then\n    # print error to STDERR\n    echo \"error: The sandbox is not in sync with the Podfile.lock. Run 'pod install' or update your CocoaPods installation.\" >&2\n    exit 1\nfi\n# This output is used by Xcode 'outputs' to avoid re-running this script phase.\necho \"SUCCESS\" > \"${SCRIPT_OUTPUT_FILE_0}\"\n";
			showEnvVarsInLog = 0;
		};
		8A3BE120981C58A505FF7F18 /* [CP] Embed Pods Frameworks */ = {
			isa = PBXShellScriptBuildPhase;
			buildActionMask = 2147483647;
			files = (
			);
			inputFileListPaths = (
				"${PODS_ROOT}/Target Support Files/Pods-AcuityEngine/Pods-AcuityEngine-frameworks-${CONFIGURATION}-input-files.xcfilelist",
			);
			name = "[CP] Embed Pods Frameworks";
			outputFileListPaths = (
				"${PODS_ROOT}/Target Support Files/Pods-AcuityEngine/Pods-AcuityEngine-frameworks-${CONFIGURATION}-output-files.xcfilelist",
			);
			runOnlyForDeploymentPostprocessing = 0;
			shellPath = /bin/sh;
			shellScript = "\"${PODS_ROOT}/Target Support Files/Pods-AcuityEngine/Pods-AcuityEngine-frameworks.sh\"\n";
			showEnvVarsInLog = 0;
		};
/* End PBXShellScriptBuildPhase section */

/* Begin PBXSourcesBuildPhase section */
		7A22C1A625E786F10028319D /* Sources */ = {
			isa = PBXSourcesBuildPhase;
			buildActionMask = 2147483647;
			files = (
				7A22C25B25E798450028319D /* HKSetupAssistance.swift in Sources */,
				7A240EFC25E7AB18002A5CF9 /* AcuityMainViewController.swift in Sources */,
				7A22C21A25E788AF0028319D /* RespiratoryData.swift in Sources */,
				7A22C22125E788AF0028319D /* RespiratoryProblemCalculation.swift in Sources */,
				7A08B6D925F1BE3500F9EA20 /* SymptomsListViewController.swift in Sources */,
				7A22C24C25E794500028319D /* CardioViewModel.swift in Sources */,
				7A65AF1F25F64AE60075D846 /* AddVitalsViewController.swift in Sources */,
				7A22C21025E788AF0028319D /* CardioIMPData.swift in Sources */,
				7A0AC40925F06A73009EDE25 /* ProfileModels.swift in Sources */,
				7A22C21325E788AF0028319D /* CardioManager.swift in Sources */,
				7A22C22525E788AF0028319D /* RespiratoryLab.swift in Sources */,
				7AB9E76325E7AC5700BCA3C1 /* AppDelegate.swift in Sources */,
				7A65AED125F5CCFE0075D846 /* CloseButton.swift in Sources */,
				7AAE1A7F25F0E717005E47A1 /* AddProblemssymptomsModel.swift in Sources */,
				7A22C21525E788AF0028319D /* CardioLab.swift in Sources */,
				7A22C20C25E788AF0028319D /* CardioSymptoms.swift in Sources */,
				7A22C22825E788AF0028319D /* RespiratoryManagerProtocol.swift in Sources */,
				7A22C22025E788AF0028319D /* RespiratoryProblemData.swift in Sources */,
				7A240F0825E7AB58002A5CF9 /* AcuityDetailPullUpViewController.swift in Sources */,
				7A6DB63B25F68AAA00C69E8A /* UIScrollView+TPKeyboardAvoidingAdditions.m in Sources */,
				7AB9E78A25E7B39900BCA3C1 /* UIView+Extensions.swift in Sources */,
				7AAE1A7225F0DA79005E47A1 /* AddOptionSelectionViewController.swift in Sources */,
				7A22C25125E794670028319D /* PullUpDisplayCell.swift in Sources */,
				7A22C21725E788AF0028319D /* CardioLabCalculation.swift in Sources */,
				7A240EFE25E7AB18002A5CF9 /* LoginViewController.swift in Sources */,
				7A477B4F25F25A9B00B3E369 /* SaveButton.swift in Sources */,
				7A6AF7FE25E7A2C2001FB132 /* RotaryWheel.m in Sources */,
				7A22C20825E788AF0028319D /* CardioProblem.swift in Sources */,
				7A88C08125F85BE60047E207 /* AcuityDetailConditionViewModel.swift in Sources */,
				7A57976F25ED14D300BCCD12 /* AcuityMainViewModel.swift in Sources */,
				7A57977225ED1F7500BCCD12 /* ProfileViewController.swift in Sources */,
				7ACB360E25EFA1600002327C /* SettingsViewController.swift in Sources */,
				7AAC74EB25EE2C15004ACF7A /* HandleView.swift in Sources */,
				7ACB361125EFA16E0002327C /* TermsOfServiceViewController.swift in Sources */,
				7A22C21F25E788AF0028319D /* RespiratoryProblem.swift in Sources */,
				7A477B1625F20E0C00B3E369 /* UIFont+Extensions.swift in Sources */,
				7A22C21225E788AF0028319D /* CardioManagerProtocol.swift in Sources */,
				7AAE1A7925F0DB85005E47A1 /* AddSymptomViewController.swift in Sources */,
				7A65AF1B25F64AA90075D846 /* VitalsListViewController.swift in Sources */,
				7A22C21E25E788AF0028319D /* RespiratoryManager+Extension.swift in Sources */,
				7A22C22425E788AF0028319D /* RespiratorySymptomCalculation.swift in Sources */,
				7A22C22725E788AF0028319D /* RespiratoryLabData.swift in Sources */,
				7A22C22225E788AF0028319D /* RespiratorySymptomsPainData.swift in Sources */,
				7A22C25E25E7985C0028319D /* Utility.swift in Sources */,
				7A22C21425E788AF0028319D /* CardioData.swift in Sources */,
				7AA14CF025F659E8005AC56A /* TPKeyboardAvoidingScrollView.m in Sources */,
				7AB9E78C25E7B39900BCA3C1 /* UIStoryboard+Instantiable.swift in Sources */,
				7A6AF82425E7A634001FB132 /* Header.swift in Sources */,
				7AB9E76425E7AC5700BCA3C1 /* SceneDelegate.swift in Sources */,
				7A22C20725E788AF0028319D /* CardioProblemData.swift in Sources */,
				7A54BDA225F6F88600A22B80 /* VitalModel.swift in Sources */,
				7A22C20F25E788AF0028319D /* CardioIMP.swift in Sources */,
				7A477AF425F20D9F00B3E369 /* LabelTitle.swift in Sources */,
				7A22C21125E788AF0028319D /* CardioIMPCalculation.swift in Sources */,
				7A22C24D25E794500028319D /* RespiratoryViewModel.swift in Sources */,
				7A22C22325E788AF0028319D /* RespiratorySymptoms.swift in Sources */,
				7A22C21625E788AF0028319D /* CardioLabData.swift in Sources */,
				7A22C22625E788AF0028319D /* RespiratoryLabCalculation.swift in Sources */,
				7AB9E78925E7B39900BCA3C1 /* Array+Extensions.swift in Sources */,
				7A6AF81A25E7A572001FB132 /* UISegmentedControl+Extensions.swift in Sources */,
				7A473A4026008E7200AD0B77 /* HKWriterManager.swift in Sources */,
				7A6AF82825E7A6A2001FB132 /* MyWellScore.swift in Sources */,
				7A22C20B25E788AF0028319D /* CardioValue.swift in Sources */,
				7A240F0325E7AB41002A5CF9 /* PullUpViewController.swift in Sources */,
				7A3EE0EB25F8DC8F00F1FB49 /* VisualEffectView.swift in Sources */,
				7AB9E78825E7B39900BCA3C1 /* String+Extensions.swift in Sources */,
				7A22C20A25E788AF0028319D /* CardioManager+Extension.swift in Sources */,
				7A3EE0E725F8C01100F1FB49 /* AcuityDetailValueViewModel.swift in Sources */,
				7A22C20D25E788AF0028319D /* CardioSymptomCalculation.swift in Sources */,
				7A22C21C25E788AF0028319D /* RespiratoryIMPData.swift in Sources */,
				7A22C21825E788AF0028319D /* RespiratoryManager.swift in Sources */,
				7A88C08525F85C0C0047E207 /* AcuityDetailValueViewController.swift in Sources */,
				7A92701E25EF8FB100295E2F /* ProfileOptionSelectionViewController.swift in Sources */,
				7A54BD9F25F6F76F00A22B80 /* AddVitalViewModel.swift in Sources */,
				7A22C21925E788AF0028319D /* RespiratoryValue.swift in Sources */,
				7A240EFD25E7AB18002A5CF9 /* HealthDataViewController.swift in Sources */,
				7A22C21D25E788AF0028319D /* RespiratoryIMPCalculation.swift in Sources */,
				7A6AF7FF25E7A2C2001FB132 /* Chevron.m in Sources */,
				7A22C20E25E788AF0028319D /* CardioSymptomsPainData.swift in Sources */,
				7A88C07525F85AD10047E207 /* AcuityDetailConditionViewController.swift in Sources */,
				7AAE1A7625F0DB77005E47A1 /* ConditionsListViewController.swift in Sources */,
				7AB9E7A325E7BB7300BCA3C1 /* AcuityModels.swift in Sources */,
				7A22C20925E788AF0028319D /* CardioProblemCalculation.swift in Sources */,
				7A22C1B825E786F10028319D /* AcuityEngine.xcdatamodeld in Sources */,
				7AB9E78B25E7B39900BCA3C1 /* UIViewController+Alert.swift in Sources */,
				7A22C26325E7987A0028319D /* Constants.swift in Sources */,
				7A22C21B25E788AF0028319D /* RespiratoryIMP.swift in Sources */,
			);
			runOnlyForDeploymentPostprocessing = 0;
		};
/* End PBXSourcesBuildPhase section */

/* Begin PBXVariantGroup section */
		7A22C1B325E786F10028319D /* Main.storyboard */ = {
			isa = PBXVariantGroup;
			children = (
				7A22C1B425E786F10028319D /* Base */,
			);
			name = Main.storyboard;
			sourceTree = "<group>";
		};
		7A22C1BB25E786F20028319D /* LaunchScreen.storyboard */ = {
			isa = PBXVariantGroup;
			children = (
				7A22C1BC25E786F20028319D /* Base */,
			);
			name = LaunchScreen.storyboard;
			sourceTree = "<group>";
		};
/* End PBXVariantGroup section */

/* Begin XCBuildConfiguration section */
		7A22C1BF25E786F20028319D /* Debug */ = {
			isa = XCBuildConfiguration;
			buildSettings = {
				ALWAYS_SEARCH_USER_PATHS = NO;
				CLANG_ANALYZER_NONNULL = YES;
				CLANG_ANALYZER_NUMBER_OBJECT_CONVERSION = YES_AGGRESSIVE;
				CLANG_CXX_LANGUAGE_STANDARD = "gnu++14";
				CLANG_CXX_LIBRARY = "libc++";
				CLANG_ENABLE_MODULES = YES;
				CLANG_ENABLE_OBJC_ARC = YES;
				CLANG_ENABLE_OBJC_WEAK = YES;
				CLANG_WARN_BLOCK_CAPTURE_AUTORELEASING = YES;
				CLANG_WARN_BOOL_CONVERSION = YES;
				CLANG_WARN_COMMA = YES;
				CLANG_WARN_CONSTANT_CONVERSION = YES;
				CLANG_WARN_DEPRECATED_OBJC_IMPLEMENTATIONS = YES;
				CLANG_WARN_DIRECT_OBJC_ISA_USAGE = YES_ERROR;
				CLANG_WARN_DOCUMENTATION_COMMENTS = YES;
				CLANG_WARN_EMPTY_BODY = YES;
				CLANG_WARN_ENUM_CONVERSION = YES;
				CLANG_WARN_INFINITE_RECURSION = YES;
				CLANG_WARN_INT_CONVERSION = YES;
				CLANG_WARN_NON_LITERAL_NULL_CONVERSION = YES;
				CLANG_WARN_OBJC_IMPLICIT_RETAIN_SELF = YES;
				CLANG_WARN_OBJC_LITERAL_CONVERSION = YES;
				CLANG_WARN_OBJC_ROOT_CLASS = YES_ERROR;
				CLANG_WARN_QUOTED_INCLUDE_IN_FRAMEWORK_HEADER = YES;
				CLANG_WARN_RANGE_LOOP_ANALYSIS = YES;
				CLANG_WARN_STRICT_PROTOTYPES = YES;
				CLANG_WARN_SUSPICIOUS_MOVE = YES;
				CLANG_WARN_UNGUARDED_AVAILABILITY = YES_AGGRESSIVE;
				CLANG_WARN_UNREACHABLE_CODE = YES;
				CLANG_WARN__DUPLICATE_METHOD_MATCH = YES;
				COPY_PHASE_STRIP = NO;
				DEBUG_INFORMATION_FORMAT = dwarf;
				ENABLE_STRICT_OBJC_MSGSEND = YES;
				ENABLE_TESTABILITY = YES;
				GCC_C_LANGUAGE_STANDARD = gnu11;
				GCC_DYNAMIC_NO_PIC = NO;
				GCC_NO_COMMON_BLOCKS = YES;
				GCC_OPTIMIZATION_LEVEL = 0;
				GCC_PREPROCESSOR_DEFINITIONS = (
					"DEBUG=1",
					"$(inherited)",
				);
				GCC_WARN_64_TO_32_BIT_CONVERSION = YES;
				GCC_WARN_ABOUT_RETURN_TYPE = YES_ERROR;
				GCC_WARN_UNDECLARED_SELECTOR = YES;
				GCC_WARN_UNINITIALIZED_AUTOS = YES_AGGRESSIVE;
				GCC_WARN_UNUSED_FUNCTION = YES;
				GCC_WARN_UNUSED_VARIABLE = YES;
				IPHONEOS_DEPLOYMENT_TARGET = 14.4;
				MTL_ENABLE_DEBUG_INFO = INCLUDE_SOURCE;
				MTL_FAST_MATH = YES;
				ONLY_ACTIVE_ARCH = YES;
				SDKROOT = iphoneos;
				SWIFT_ACTIVE_COMPILATION_CONDITIONS = DEBUG;
				SWIFT_OPTIMIZATION_LEVEL = "-Onone";
			};
			name = Debug;
		};
		7A22C1C025E786F20028319D /* Release */ = {
			isa = XCBuildConfiguration;
			buildSettings = {
				ALWAYS_SEARCH_USER_PATHS = NO;
				CLANG_ANALYZER_NONNULL = YES;
				CLANG_ANALYZER_NUMBER_OBJECT_CONVERSION = YES_AGGRESSIVE;
				CLANG_CXX_LANGUAGE_STANDARD = "gnu++14";
				CLANG_CXX_LIBRARY = "libc++";
				CLANG_ENABLE_MODULES = YES;
				CLANG_ENABLE_OBJC_ARC = YES;
				CLANG_ENABLE_OBJC_WEAK = YES;
				CLANG_WARN_BLOCK_CAPTURE_AUTORELEASING = YES;
				CLANG_WARN_BOOL_CONVERSION = YES;
				CLANG_WARN_COMMA = YES;
				CLANG_WARN_CONSTANT_CONVERSION = YES;
				CLANG_WARN_DEPRECATED_OBJC_IMPLEMENTATIONS = YES;
				CLANG_WARN_DIRECT_OBJC_ISA_USAGE = YES_ERROR;
				CLANG_WARN_DOCUMENTATION_COMMENTS = YES;
				CLANG_WARN_EMPTY_BODY = YES;
				CLANG_WARN_ENUM_CONVERSION = YES;
				CLANG_WARN_INFINITE_RECURSION = YES;
				CLANG_WARN_INT_CONVERSION = YES;
				CLANG_WARN_NON_LITERAL_NULL_CONVERSION = YES;
				CLANG_WARN_OBJC_IMPLICIT_RETAIN_SELF = YES;
				CLANG_WARN_OBJC_LITERAL_CONVERSION = YES;
				CLANG_WARN_OBJC_ROOT_CLASS = YES_ERROR;
				CLANG_WARN_QUOTED_INCLUDE_IN_FRAMEWORK_HEADER = YES;
				CLANG_WARN_RANGE_LOOP_ANALYSIS = YES;
				CLANG_WARN_STRICT_PROTOTYPES = YES;
				CLANG_WARN_SUSPICIOUS_MOVE = YES;
				CLANG_WARN_UNGUARDED_AVAILABILITY = YES_AGGRESSIVE;
				CLANG_WARN_UNREACHABLE_CODE = YES;
				CLANG_WARN__DUPLICATE_METHOD_MATCH = YES;
				COPY_PHASE_STRIP = NO;
				DEBUG_INFORMATION_FORMAT = "dwarf-with-dsym";
				ENABLE_NS_ASSERTIONS = NO;
				ENABLE_STRICT_OBJC_MSGSEND = YES;
				GCC_C_LANGUAGE_STANDARD = gnu11;
				GCC_NO_COMMON_BLOCKS = YES;
				GCC_WARN_64_TO_32_BIT_CONVERSION = YES;
				GCC_WARN_ABOUT_RETURN_TYPE = YES_ERROR;
				GCC_WARN_UNDECLARED_SELECTOR = YES;
				GCC_WARN_UNINITIALIZED_AUTOS = YES_AGGRESSIVE;
				GCC_WARN_UNUSED_FUNCTION = YES;
				GCC_WARN_UNUSED_VARIABLE = YES;
				IPHONEOS_DEPLOYMENT_TARGET = 14.4;
				MTL_ENABLE_DEBUG_INFO = NO;
				MTL_FAST_MATH = YES;
				SDKROOT = iphoneos;
				SWIFT_COMPILATION_MODE = wholemodule;
				SWIFT_OPTIMIZATION_LEVEL = "-O";
				VALIDATE_PRODUCT = YES;
			};
			name = Release;
		};
		7A22C1C225E786F20028319D /* Debug */ = {
			isa = XCBuildConfiguration;
			baseConfigurationReference = 2E9A2C77FCE70E2F05B2179B /* Pods-AcuityEngine.debug.xcconfig */;
			buildSettings = {
				ASSETCATALOG_COMPILER_APPICON_NAME = AppIcon;
				ASSETCATALOG_COMPILER_GLOBAL_ACCENT_COLOR_NAME = AccentColor;
				CODE_SIGN_ENTITLEMENTS = AcuityEngine/AcuityEngine.entitlements;
				CODE_SIGN_IDENTITY = "iPhone Distribution";
				CODE_SIGN_STYLE = Manual;
				DEVELOPMENT_TEAM = 56FBZFEBV5;
				INFOPLIST_FILE = AcuityEngine/Info.plist;
				IPHONEOS_DEPLOYMENT_TARGET = 13.6;
				LD_RUNPATH_SEARCH_PATHS = (
					"$(inherited)",
					"@executable_path/Frameworks",
				);
				PRODUCT_BUNDLE_IDENTIFIER = com.devdigital.acuityhealthengineenterprise;
				PRODUCT_NAME = "$(TARGET_NAME)";
				PROVISIONING_PROFILE_SPECIFIER = AcuityHealthEngineEnterpriseDistribution;
				SWIFT_OBJC_BRIDGING_HEADER = "AcuityEngine/AcuityEngine-Bridging-Header.h";
				SWIFT_VERSION = 5.0;
				TARGETED_DEVICE_FAMILY = 1;
			};
			name = Debug;
		};
		7A22C1C325E786F20028319D /* Release */ = {
			isa = XCBuildConfiguration;
			baseConfigurationReference = 5E581811A157C643B3DE3D9C /* Pods-AcuityEngine.release.xcconfig */;
			buildSettings = {
				ASSETCATALOG_COMPILER_APPICON_NAME = AppIcon;
				ASSETCATALOG_COMPILER_GLOBAL_ACCENT_COLOR_NAME = AccentColor;
				CODE_SIGN_ENTITLEMENTS = AcuityEngine/AcuityEngine.entitlements;
				CODE_SIGN_IDENTITY = "iPhone Distribution";
				CODE_SIGN_STYLE = Manual;
				DEVELOPMENT_TEAM = 56FBZFEBV5;
				INFOPLIST_FILE = AcuityEngine/Info.plist;
				IPHONEOS_DEPLOYMENT_TARGET = 13.6;
				LD_RUNPATH_SEARCH_PATHS = (
					"$(inherited)",
					"@executable_path/Frameworks",
				);
				PRODUCT_BUNDLE_IDENTIFIER = com.devdigital.acuityhealthengineenterprise;
				PRODUCT_NAME = "$(TARGET_NAME)";
				PROVISIONING_PROFILE_SPECIFIER = AcuityHealthEngineEnterpriseDistribution;
				SWIFT_OBJC_BRIDGING_HEADER = "AcuityEngine/AcuityEngine-Bridging-Header.h";
				SWIFT_VERSION = 5.0;
				TARGETED_DEVICE_FAMILY = 1;
			};
			name = Release;
		};
/* End XCBuildConfiguration section */

/* Begin XCConfigurationList section */
		7A22C1A525E786F10028319D /* Build configuration list for PBXProject "AcuityEngine" */ = {
			isa = XCConfigurationList;
			buildConfigurations = (
				7A22C1BF25E786F20028319D /* Debug */,
				7A22C1C025E786F20028319D /* Release */,
			);
			defaultConfigurationIsVisible = 0;
			defaultConfigurationName = Release;
		};
		7A22C1C125E786F20028319D /* Build configuration list for PBXNativeTarget "AcuityEngine" */ = {
			isa = XCConfigurationList;
			buildConfigurations = (
				7A22C1C225E786F20028319D /* Debug */,
				7A22C1C325E786F20028319D /* Release */,
			);
			defaultConfigurationIsVisible = 0;
			defaultConfigurationName = Release;
		};
/* End XCConfigurationList section */

/* Begin XCVersionGroup section */
		7A22C1B625E786F10028319D /* AcuityEngine.xcdatamodeld */ = {
			isa = XCVersionGroup;
			children = (
				7A22C1B725E786F10028319D /* AcuityEngine.xcdatamodel */,
			);
			currentVersion = 7A22C1B725E786F10028319D /* AcuityEngine.xcdatamodel */;
			path = AcuityEngine.xcdatamodeld;
			sourceTree = "<group>";
			versionGroupType = wrapper.xcdatamodel;
		};
/* End XCVersionGroup section */
	};
	rootObject = 7A22C1A225E786F10028319D /* Project object */;
}
